// !$*UTF8*$!
{
	archiveVersion = 1;
	classes = {
	};
	objectVersion = 46;
	objects = {

/* Begin PBXBuildFile section */
		168337891826F76C0069A31E /* PaintSubmenuView.xib in Resources */ = {isa = PBXBuildFile; fileRef = 168337881826F76C0069A31E /* PaintSubmenuView.xib */; };
		C71981AA1850138E00D502E3 /* libGTLTouchStaticLib.a in Frameworks */ = {isa = PBXBuildFile; fileRef = C71981A61850138E00D502E3 /* libGTLTouchStaticLib.a */; };
		C71981AB1850138E00D502E3 /* MobileCoreServices.framework in Frameworks */ = {isa = PBXBuildFile; fileRef = C71981A71850138E00D502E3 /* MobileCoreServices.framework */; };
		C71981AC1850138E00D502E3 /* Security.framework in Frameworks */ = {isa = PBXBuildFile; fileRef = C71981A81850138E00D502E3 /* Security.framework */; };
		C71981AD1850138E00D502E3 /* SystemConfiguration.framework in Frameworks */ = {isa = PBXBuildFile; fileRef = C71981A91850138E00D502E3 /* SystemConfiguration.framework */; };
		C71981AF185014B300D502E3 /* GTMOAuth2ViewTouch.xib in Resources */ = {isa = PBXBuildFile; fileRef = C71981AE185014B300D502E3 /* GTMOAuth2ViewTouch.xib */; };
		C71981B2185015C800D502E3 /* GTLDrive_Sources.m in Sources */ = {isa = PBXBuildFile; fileRef = C71981B0185015C800D502E3 /* GTLDrive_Sources.m */; };
		C74921E4182DB5AA0041F997 /* PaintSubmenuView.m in Sources */ = {isa = PBXBuildFile; fileRef = C74921E3182DB5AA0041F997 /* PaintSubmenuView.m */; };
		C75EF9F518246AAE00C9A725 /* SideBarView.xib in Resources */ = {isa = PBXBuildFile; fileRef = C75EF9F418246AAE00C9A725 /* SideBarView.xib */; };
		C75EF9F818246B3D00C9A725 /* SideBarView.m in Sources */ = {isa = PBXBuildFile; fileRef = C75EF9F718246B3D00C9A725 /* SideBarView.m */; };
		C75EF9FB1826E8E600C9A725 /* PaintView.m in Sources */ = {isa = PBXBuildFile; fileRef = C75EF9FA1826E8E600C9A725 /* PaintView.m */; };
		C762B69F181DB7B500EB3674 /* UIKit.framework in Frameworks */ = {isa = PBXBuildFile; fileRef = C762B69E181DB7B500EB3674 /* UIKit.framework */; };
		C762B6A1181DB7B500EB3674 /* Foundation.framework in Frameworks */ = {isa = PBXBuildFile; fileRef = C762B6A0181DB7B500EB3674 /* Foundation.framework */; };
		C762B6A3181DB7B500EB3674 /* CoreGraphics.framework in Frameworks */ = {isa = PBXBuildFile; fileRef = C762B6A2181DB7B500EB3674 /* CoreGraphics.framework */; };
		C762B6A9181DB7B500EB3674 /* InfoPlist.strings in Resources */ = {isa = PBXBuildFile; fileRef = C762B6A7181DB7B500EB3674 /* InfoPlist.strings */; };
		C762B6AB181DB7B500EB3674 /* main.m in Sources */ = {isa = PBXBuildFile; fileRef = C762B6AA181DB7B500EB3674 /* main.m */; };
		C762B6AF181DB7B500EB3674 /* AppDelegate.m in Sources */ = {isa = PBXBuildFile; fileRef = C762B6AE181DB7B500EB3674 /* AppDelegate.m */; };
		C762B6B1181DB7B500EB3674 /* Default.png in Resources */ = {isa = PBXBuildFile; fileRef = C762B6B0181DB7B500EB3674 /* Default.png */; };
		C762B6B3181DB7B500EB3674 /* Default@2x.png in Resources */ = {isa = PBXBuildFile; fileRef = C762B6B2181DB7B500EB3674 /* Default@2x.png */; };
		C762B6B5181DB7B500EB3674 /* Default-568h@2x.png in Resources */ = {isa = PBXBuildFile; fileRef = C762B6B4181DB7B500EB3674 /* Default-568h@2x.png */; };
		C762B6B8181DB7B500EB3674 /* NotebookViewController.m in Sources */ = {isa = PBXBuildFile; fileRef = C762B6B7181DB7B500EB3674 /* NotebookViewController.m */; };
		C762B6BB181DB7B500EB3674 /* NotebookViewController.xib in Resources */ = {isa = PBXBuildFile; fileRef = C762B6B9181DB7B500EB3674 /* NotebookViewController.xib */; };
		C7AF899F1850D4DC00F6A093 /* DriveManager.m in Sources */ = {isa = PBXBuildFile; fileRef = C7AF899E1850D4DC00F6A093 /* DriveManager.m */; };
		C7E4478F18400DA20059A65F /* MenuSubmenuView.xib in Resources */ = {isa = PBXBuildFile; fileRef = C7E4478E18400DA20059A65F /* MenuSubmenuView.xib */; };
		C7E4479218400E7F0059A65F /* MenuSubmenuView.m in Sources */ = {isa = PBXBuildFile; fileRef = C7E4479118400E7F0059A65F /* MenuSubmenuView.m */; };
		CB3DFED01895E26B00CD0013 /* .gitignore in Resources */ = {isa = PBXBuildFile; fileRef = CB3DFE4F1895E26B00CD0013 /* .gitignore */; };
		CBF5578F18B3FF4B005C7047 /* ImageDemoAppDelegate.h in Resources */ = {isa = PBXBuildFile; fileRef = CBF5573F18B3FF4B005C7047 /* ImageDemoAppDelegate.h */; };
		CBF5579018B3FF4B005C7047 /* ImageDemoAppDelegate.m in Resources */ = {isa = PBXBuildFile; fileRef = CBF5574018B3FF4B005C7047 /* ImageDemoAppDelegate.m */; };
		CBF5579118B3FF4B005C7047 /* ImageDemoViewController.h in Resources */ = {isa = PBXBuildFile; fileRef = CBF5574118B3FF4B005C7047 /* ImageDemoViewController.h */; };
		CBF5579218B3FF4B005C7047 /* ImageDemoViewController.m in Resources */ = {isa = PBXBuildFile; fileRef = CBF5574218B3FF4B005C7047 /* ImageDemoViewController.m */; };
		CBF5579318B3FF4B005C7047 /* ImageDemoGridViewCell.h in Resources */ = {isa = PBXBuildFile; fileRef = CBF5574318B3FF4B005C7047 /* ImageDemoGridViewCell.h */; };
		CBF5579418B3FF4B005C7047 /* ImageDemoGridViewCell.m in Resources */ = {isa = PBXBuildFile; fileRef = CBF5574418B3FF4B005C7047 /* ImageDemoGridViewCell.m */; };
		CBF5579518B3FF4B005C7047 /* ImageDemoFilledCell.h in Resources */ = {isa = PBXBuildFile; fileRef = CBF5574518B3FF4B005C7047 /* ImageDemoFilledCell.h */; };
		CBF5579618B3FF4B005C7047 /* ImageDemoFilledCell.m in Resources */ = {isa = PBXBuildFile; fileRef = CBF5574618B3FF4B005C7047 /* ImageDemoFilledCell.m */; };
		CBF5579718B3FF4B005C7047 /* ImageDemoCellChooser.h in Resources */ = {isa = PBXBuildFile; fileRef = CBF5574718B3FF4B005C7047 /* ImageDemoCellChooser.h */; };
		CBF5579818B3FF4B005C7047 /* ImageDemoCellChooser.m in Resources */ = {isa = PBXBuildFile; fileRef = CBF5574818B3FF4B005C7047 /* ImageDemoCellChooser.m */; };
		CBF5579918B3FF4B005C7047 /* AQGridView+CellLayout.h in Resources */ = {isa = PBXBuildFile; fileRef = CBF5574918B3FF4B005C7047 /* AQGridView+CellLayout.h */; };
		CBF5579A18B3FF4B005C7047 /* AQGridView+CellLocationDelegation.h in Resources */ = {isa = PBXBuildFile; fileRef = CBF5574A18B3FF4B005C7047 /* AQGridView+CellLocationDelegation.h */; };
		CBF5579B18B3FF4B005C7047 /* AQGridView.h in Resources */ = {isa = PBXBuildFile; fileRef = CBF5574B18B3FF4B005C7047 /* AQGridView.h */; };
		CBF5579C18B3FF4B005C7047 /* AQGridView.m in Resources */ = {isa = PBXBuildFile; fileRef = CBF5574C18B3FF4B005C7047 /* AQGridView.m */; };
		CBF5579D18B3FF4B005C7047 /* AQGridViewCell+AQGridViewCellPrivate.h in Resources */ = {isa = PBXBuildFile; fileRef = CBF5574D18B3FF4B005C7047 /* AQGridViewCell+AQGridViewCellPrivate.h */; };
		CBF5579E18B3FF4B005C7047 /* AQGridViewCell.h in Resources */ = {isa = PBXBuildFile; fileRef = CBF5574E18B3FF4B005C7047 /* AQGridViewCell.h */; };
		CBF5579F18B3FF4B005C7047 /* AQGridViewCell.m in Resources */ = {isa = PBXBuildFile; fileRef = CBF5574F18B3FF4B005C7047 /* AQGridViewCell.m */; };
		CBF557A018B3FF4B005C7047 /* AQGridViewController.h in Resources */ = {isa = PBXBuildFile; fileRef = CBF5575018B3FF4B005C7047 /* AQGridViewController.h */; };
		CBF557A118B3FF4B005C7047 /* AQGridViewController.m in Resources */ = {isa = PBXBuildFile; fileRef = CBF5575118B3FF4B005C7047 /* AQGridViewController.m */; };
		CBF557A218B3FF4B005C7047 /* AQGridViewData.h in Resources */ = {isa = PBXBuildFile; fileRef = CBF5575218B3FF4B005C7047 /* AQGridViewData.h */; };
		CBF557A318B3FF4B005C7047 /* AQGridViewData.m in Resources */ = {isa = PBXBuildFile; fileRef = CBF5575318B3FF4B005C7047 /* AQGridViewData.m */; };
		CBF557A418B3FF4B005C7047 /* AQGridViewUpdateInfo.h in Resources */ = {isa = PBXBuildFile; fileRef = CBF5575418B3FF4B005C7047 /* AQGridViewUpdateInfo.h */; };
		CBF557A518B3FF4B005C7047 /* AQGridViewUpdateInfo.m in Resources */ = {isa = PBXBuildFile; fileRef = CBF5575518B3FF4B005C7047 /* AQGridViewUpdateInfo.m */; };
		CBF557A618B3FF4B005C7047 /* AQGridViewUpdateItem.h in Resources */ = {isa = PBXBuildFile; fileRef = CBF5575618B3FF4B005C7047 /* AQGridViewUpdateItem.h */; };
		CBF557A718B3FF4B005C7047 /* AQGridViewUpdateItem.m in Resources */ = {isa = PBXBuildFile; fileRef = CBF5575718B3FF4B005C7047 /* AQGridViewUpdateItem.m */; };
		CBF557A818B3FF4B005C7047 /* AQGridViewAnimatorItem.h in Resources */ = {isa = PBXBuildFile; fileRef = CBF5575818B3FF4B005C7047 /* AQGridViewAnimatorItem.h */; };
		CBF557A918B3FF4B005C7047 /* AQGridViewAnimatorItem.m in Resources */ = {isa = PBXBuildFile; fileRef = CBF5575918B3FF4B005C7047 /* AQGridViewAnimatorItem.m */; };
		CBF557AA18B3FF4B005C7047 /* UIColor+AQGridView.h in Resources */ = {isa = PBXBuildFile; fileRef = CBF5575A18B3FF4B005C7047 /* UIColor+AQGridView.h */; };
		CBF557AB18B3FF4B005C7047 /* UIColor+AQGridView.m in Resources */ = {isa = PBXBuildFile; fileRef = CBF5575B18B3FF4B005C7047 /* UIColor+AQGridView.m */; };
		CBF557AC18B3FF4B005C7047 /* NSIndexSet+AQIsSetContiguous.h in Resources */ = {isa = PBXBuildFile; fileRef = CBF5575C18B3FF4B005C7047 /* NSIndexSet+AQIsSetContiguous.h */; };
		CBF557AD18B3FF4B005C7047 /* NSIndexSet+AQIsSetContiguous.m in Resources */ = {isa = PBXBuildFile; fileRef = CBF5575D18B3FF4B005C7047 /* NSIndexSet+AQIsSetContiguous.m */; };
		CBF557AE18B3FF4B005C7047 /* NSIndexSet+AQIndexesOutsideSet.h in Resources */ = {isa = PBXBuildFile; fileRef = CBF5575E18B3FF4B005C7047 /* NSIndexSet+AQIndexesOutsideSet.h */; };
		CBF557AF18B3FF4B005C7047 /* NSIndexSet+AQIndexesOutsideSet.m in Resources */ = {isa = PBXBuildFile; fileRef = CBF5575F18B3FF4B005C7047 /* NSIndexSet+AQIndexesOutsideSet.m */; };
		CBF557B018B3FF4B005C7047 /* ImageDemo_Prefix.pch in Resources */ = {isa = PBXBuildFile; fileRef = CBF5576218B3FF4B005C7047 /* ImageDemo_Prefix.pch */; };
		CBF557B118B3FF4B005C7047 /* main.m in Resources */ = {isa = PBXBuildFile; fileRef = CBF5576318B3FF4B005C7047 /* main.m */; };
		CBF557B218B3FF4B005C7047 /* 3D-simplicity.png in Resources */ = {isa = PBXBuildFile; fileRef = CBF5576518B3FF4B005C7047 /* 3D-simplicity.png */; };
		CBF557B318B3FF4B005C7047 /* AppleTV-esque_by-mikelcroft_nl-1440.png in Resources */ = {isa = PBXBuildFile; fileRef = CBF5576618B3FF4B005C7047 /* AppleTV-esque_by-mikelcroft_nl-1440.png */; };
		CBF557B418B3FF4B005C7047 /* batman_surfing_on_superman.png in Resources */ = {isa = PBXBuildFile; fileRef = CBF5576718B3FF4B005C7047 /* batman_surfing_on_superman.png */; };
		CBF557B518B3FF4B005C7047 /* coffee-break_.png in Resources */ = {isa = PBXBuildFile; fileRef = CBF5576818B3FF4B005C7047 /* coffee-break_.png */; };
		CBF557B618B3FF4B005C7047 /* colorful_1440x900.png in Resources */ = {isa = PBXBuildFile; fileRef = CBF5576918B3FF4B005C7047 /* colorful_1440x900.png */; };
		CBF557B718B3FF4B005C7047 /* Composition53.png in Resources */ = {isa = PBXBuildFile; fileRef = CBF5576A18B3FF4B005C7047 /* Composition53.png */; };
		CBF557B818B3FF4B005C7047 /* Dragon.png in Resources */ = {isa = PBXBuildFile; fileRef = CBF5576B18B3FF4B005C7047 /* Dragon.png */; };
		CBF557B918B3FF4B005C7047 /* eclipse.png in Resources */ = {isa = PBXBuildFile; fileRef = CBF5576C18B3FF4B005C7047 /* eclipse.png */; };
		CBF557BA18B3FF4B005C7047 /* face.png in Resources */ = {isa = PBXBuildFile; fileRef = CBF5576D18B3FF4B005C7047 /* face.png */; };
		CBF557BB18B3FF4B005C7047 /* focus.png in Resources */ = {isa = PBXBuildFile; fileRef = CBF5576E18B3FF4B005C7047 /* focus.png */; };
		CBF557BC18B3FF4B005C7047 /* gbo.png in Resources */ = {isa = PBXBuildFile; fileRef = CBF5576F18B3FF4B005C7047 /* gbo.png */; };
		CBF557BD18B3FF4B005C7047 /* Green_Plant_(2560x1600).png in Resources */ = {isa = PBXBuildFile; fileRef = CBF5577018B3FF4B005C7047 /* Green_Plant_(2560x1600).png */; };
		CBF557BE18B3FF4B005C7047 /* grounded.png in Resources */ = {isa = PBXBuildFile; fileRef = CBF5577118B3FF4B005C7047 /* grounded.png */; };
		CBF557BF18B3FF4B005C7047 /* happy.png in Resources */ = {isa = PBXBuildFile; fileRef = CBF5577218B3FF4B005C7047 /* happy.png */; };
		CBF557C018B3FF4B005C7047 /* LeatherHoles-Apple.png in Resources */ = {isa = PBXBuildFile; fileRef = CBF5577318B3FF4B005C7047 /* LeatherHoles-Apple.png */; };
		CBF557C118B3FF4B005C7047 /* Let_it_snow_by_mj_coffeeholick.png in Resources */ = {isa = PBXBuildFile; fileRef = CBF5577418B3FF4B005C7047 /* Let_it_snow_by_mj_coffeeholick.png */; };
		CBF557C218B3FF4B005C7047 /* Luxury_Apple_by_Stratification.png in Resources */ = {isa = PBXBuildFile; fileRef = CBF5577518B3FF4B005C7047 /* Luxury_Apple_by_Stratification.png */; };
		CBF557C318B3FF4B005C7047 /* MacMini.png in Resources */ = {isa = PBXBuildFile; fileRef = CBF5577618B3FF4B005C7047 /* MacMini.png */; };
		CBF557C418B3FF4B005C7047 /* SlaveKingGod.png in Resources */ = {isa = PBXBuildFile; fileRef = CBF5577718B3FF4B005C7047 /* SlaveKingGod.png */; };
		CBF557C518B3FF4B005C7047 /* Snow_Leopard_by_vladstudio.png in Resources */ = {isa = PBXBuildFile; fileRef = CBF5577818B3FF4B005C7047 /* Snow_Leopard_by_vladstudio.png */; };
		CBF557C618B3FF4B005C7047 /* Space Fold.png in Resources */ = {isa = PBXBuildFile; fileRef = CBF5577918B3FF4B005C7047 /* Space Fold.png */; };
		CBF557C718B3FF4B005C7047 /* Stormcloud_Schmeisser.png in Resources */ = {isa = PBXBuildFile; fileRef = CBF5577A18B3FF4B005C7047 /* Stormcloud_Schmeisser.png */; };
		CBF557C818B3FF4B005C7047 /* tiamat.png in Resources */ = {isa = PBXBuildFile; fileRef = CBF5577B18B3FF4B005C7047 /* tiamat.png */; };
		CBF557C918B3FF4B005C7047 /* WTF.png in Resources */ = {isa = PBXBuildFile; fileRef = CBF5577C18B3FF4B005C7047 /* WTF.png */; };
		CBF557CA18B3FF4B005C7047 /* AQGridSelection.png in Resources */ = {isa = PBXBuildFile; fileRef = CBF5577E18B3FF4B005C7047 /* AQGridSelection.png */; };
		CBF557CB18B3FF4B005C7047 /* AQGridSelectionGray.png in Resources */ = {isa = PBXBuildFile; fileRef = CBF5577F18B3FF4B005C7047 /* AQGridSelectionGray.png */; };
		CBF557CC18B3FF4B005C7047 /* AQGridSelectionGrayBlue.png in Resources */ = {isa = PBXBuildFile; fileRef = CBF5578018B3FF4B005C7047 /* AQGridSelectionGrayBlue.png */; };
		CBF557CD18B3FF4B005C7047 /* AQGridSelectionGreen.png in Resources */ = {isa = PBXBuildFile; fileRef = CBF5578118B3FF4B005C7047 /* AQGridSelectionGreen.png */; };
		CBF557CE18B3FF4B005C7047 /* AQGridSelectionRed.png in Resources */ = {isa = PBXBuildFile; fileRef = CBF5578218B3FF4B005C7047 /* AQGridSelectionRed.png */; };
		CBF557CF18B3FF4B005C7047 /* MainWindow.xib in Resources */ = {isa = PBXBuildFile; fileRef = CBF5578418B3FF4B005C7047 /* MainWindow.xib */; };
		CBF557D018B3FF4B005C7047 /* ImageDemoViewController.xib in Resources */ = {isa = PBXBuildFile; fileRef = CBF5578518B3FF4B005C7047 /* ImageDemoViewController.xib */; };
		CBF557D118B3FF4B005C7047 /* ImageDemo-Info.plist in Resources */ = {isa = PBXBuildFile; fileRef = CBF5578618B3FF4B005C7047 /* ImageDemo-Info.plist */; };
		CBF557D218B3FF4B005C7047 /* UIKit.framework in Frameworks */ = {isa = PBXBuildFile; fileRef = CBF5578818B3FF4B005C7047 /* UIKit.framework */; };
		CBF557D318B3FF4B005C7047 /* Foundation.framework in Frameworks */ = {isa = PBXBuildFile; fileRef = CBF5578918B3FF4B005C7047 /* Foundation.framework */; };
		CBF557D418B3FF4B005C7047 /* CoreGraphics.framework in Frameworks */ = {isa = PBXBuildFile; fileRef = CBF5578A18B3FF4B005C7047 /* CoreGraphics.framework */; };
		CBF557D518B3FF4B005C7047 /* QuartzCore.framework in Frameworks */ = {isa = PBXBuildFile; fileRef = CBF5578B18B3FF4B005C7047 /* QuartzCore.framework */; };
		CBF557D618B3FF4B005C7047 /* ImageDemo.app in Resources */ = {isa = PBXBuildFile; fileRef = CBF5578D18B3FF4B005C7047 /* ImageDemo.app */; };
/* End PBXBuildFile section */

/* Begin PBXFileReference section */
		168337881826F76C0069A31E /* PaintSubmenuView.xib */ = {isa = PBXFileReference; fileEncoding = 4; lastKnownFileType = file.xib; path = PaintSubmenuView.xib; sourceTree = "<group>"; };
		C71981A61850138E00D502E3 /* libGTLTouchStaticLib.a */ = {isa = PBXFileReference; lastKnownFileType = archive.ar; name = libGTLTouchStaticLib.a; path = "../google-api-objectivec-client-read-only/Source/build/Debug-iphoneos/libGTLTouchStaticLib.a"; sourceTree = "<group>"; };
		C71981A71850138E00D502E3 /* MobileCoreServices.framework */ = {isa = PBXFileReference; lastKnownFileType = wrapper.framework; name = MobileCoreServices.framework; path = System/Library/Frameworks/MobileCoreServices.framework; sourceTree = SDKROOT; };
		C71981A81850138E00D502E3 /* Security.framework */ = {isa = PBXFileReference; lastKnownFileType = wrapper.framework; name = Security.framework; path = System/Library/Frameworks/Security.framework; sourceTree = SDKROOT; };
		C71981A91850138E00D502E3 /* SystemConfiguration.framework */ = {isa = PBXFileReference; lastKnownFileType = wrapper.framework; name = SystemConfiguration.framework; path = System/Library/Frameworks/SystemConfiguration.framework; sourceTree = SDKROOT; };
		C71981AE185014B300D502E3 /* GTMOAuth2ViewTouch.xib */ = {isa = PBXFileReference; fileEncoding = 4; lastKnownFileType = file.xib; path = GTMOAuth2ViewTouch.xib; sourceTree = "<group>"; };
		C71981B0185015C800D502E3 /* GTLDrive_Sources.m */ = {isa = PBXFileReference; fileEncoding = 4; lastKnownFileType = sourcecode.c.objc; path = GTLDrive_Sources.m; sourceTree = "<group>"; };
		C71981B1185015C800D502E3 /* GTLDrive.h */ = {isa = PBXFileReference; fileEncoding = 4; lastKnownFileType = sourcecode.c.h; path = GTLDrive.h; sourceTree = "<group>"; };
		C7233B4A182DB4E200CFE9B9 /* NotebookViewDelegate.h */ = {isa = PBXFileReference; fileEncoding = 4; lastKnownFileType = sourcecode.c.h; path = NotebookViewDelegate.h; sourceTree = "<group>"; };
		C74921E2182DB5AA0041F997 /* PaintSubmenuView.h */ = {isa = PBXFileReference; fileEncoding = 4; lastKnownFileType = sourcecode.c.h; path = PaintSubmenuView.h; sourceTree = "<group>"; };
		C74921E3182DB5AA0041F997 /* PaintSubmenuView.m */ = {isa = PBXFileReference; fileEncoding = 4; lastKnownFileType = sourcecode.c.objc; path = PaintSubmenuView.m; sourceTree = "<group>"; };
		C75EF9F418246AAE00C9A725 /* SideBarView.xib */ = {isa = PBXFileReference; fileEncoding = 4; lastKnownFileType = file.xib; path = SideBarView.xib; sourceTree = "<group>"; };
		C75EF9F618246B3D00C9A725 /* SideBarView.h */ = {isa = PBXFileReference; fileEncoding = 4; lastKnownFileType = sourcecode.c.h; path = SideBarView.h; sourceTree = "<group>"; };
		C75EF9F718246B3D00C9A725 /* SideBarView.m */ = {isa = PBXFileReference; fileEncoding = 4; lastKnownFileType = sourcecode.c.objc; path = SideBarView.m; sourceTree = "<group>"; };
		C75EF9F91826E8E600C9A725 /* PaintView.h */ = {isa = PBXFileReference; fileEncoding = 4; lastKnownFileType = sourcecode.c.h; path = PaintView.h; sourceTree = "<group>"; };
		C75EF9FA1826E8E600C9A725 /* PaintView.m */ = {isa = PBXFileReference; fileEncoding = 4; lastKnownFileType = sourcecode.c.objc; path = PaintView.m; sourceTree = "<group>"; };
		C762B69B181DB7B500EB3674 /* StemNotebook.app */ = {isa = PBXFileReference; explicitFileType = wrapper.application; includeInIndex = 0; path = StemNotebook.app; sourceTree = BUILT_PRODUCTS_DIR; };
		C762B69E181DB7B500EB3674 /* UIKit.framework */ = {isa = PBXFileReference; lastKnownFileType = wrapper.framework; name = UIKit.framework; path = System/Library/Frameworks/UIKit.framework; sourceTree = SDKROOT; };
		C762B6A0181DB7B500EB3674 /* Foundation.framework */ = {isa = PBXFileReference; lastKnownFileType = wrapper.framework; name = Foundation.framework; path = System/Library/Frameworks/Foundation.framework; sourceTree = SDKROOT; };
		C762B6A2181DB7B500EB3674 /* CoreGraphics.framework */ = {isa = PBXFileReference; lastKnownFileType = wrapper.framework; name = CoreGraphics.framework; path = System/Library/Frameworks/CoreGraphics.framework; sourceTree = SDKROOT; };
		C762B6A6181DB7B500EB3674 /* StemNotebook-Info.plist */ = {isa = PBXFileReference; lastKnownFileType = text.plist.xml; path = "StemNotebook-Info.plist"; sourceTree = "<group>"; };
		C762B6A8181DB7B500EB3674 /* en */ = {isa = PBXFileReference; lastKnownFileType = text.plist.strings; name = en; path = en.lproj/InfoPlist.strings; sourceTree = "<group>"; };
		C762B6AA181DB7B500EB3674 /* main.m */ = {isa = PBXFileReference; lastKnownFileType = sourcecode.c.objc; path = main.m; sourceTree = "<group>"; };
		C762B6AC181DB7B500EB3674 /* StemNotebook-Prefix.pch */ = {isa = PBXFileReference; lastKnownFileType = sourcecode.c.h; path = "StemNotebook-Prefix.pch"; sourceTree = "<group>"; };
		C762B6AD181DB7B500EB3674 /* AppDelegate.h */ = {isa = PBXFileReference; lastKnownFileType = sourcecode.c.h; path = AppDelegate.h; sourceTree = "<group>"; };
		C762B6AE181DB7B500EB3674 /* AppDelegate.m */ = {isa = PBXFileReference; lastKnownFileType = sourcecode.c.objc; path = AppDelegate.m; sourceTree = "<group>"; };
		C762B6B0181DB7B500EB3674 /* Default.png */ = {isa = PBXFileReference; lastKnownFileType = image.png; path = Default.png; sourceTree = "<group>"; };
		C762B6B2181DB7B500EB3674 /* Default@2x.png */ = {isa = PBXFileReference; lastKnownFileType = image.png; path = "Default@2x.png"; sourceTree = "<group>"; };
		C762B6B4181DB7B500EB3674 /* Default-568h@2x.png */ = {isa = PBXFileReference; lastKnownFileType = image.png; path = "Default-568h@2x.png"; sourceTree = "<group>"; };
		C762B6B6181DB7B500EB3674 /* NotebookViewController.h */ = {isa = PBXFileReference; lastKnownFileType = sourcecode.c.h; path = NotebookViewController.h; sourceTree = "<group>"; };
		C762B6B7181DB7B500EB3674 /* NotebookViewController.m */ = {isa = PBXFileReference; lastKnownFileType = sourcecode.c.objc; path = NotebookViewController.m; sourceTree = "<group>"; };
		C762B6BA181DB7B500EB3674 /* en */ = {isa = PBXFileReference; lastKnownFileType = file.xib; name = en; path = en.lproj/NotebookViewController.xib; sourceTree = "<group>"; };
		C7AF899D1850D4DC00F6A093 /* DriveManager.h */ = {isa = PBXFileReference; fileEncoding = 4; lastKnownFileType = sourcecode.c.h; path = DriveManager.h; sourceTree = "<group>"; };
		C7AF899E1850D4DC00F6A093 /* DriveManager.m */ = {isa = PBXFileReference; fileEncoding = 4; lastKnownFileType = sourcecode.c.objc; path = DriveManager.m; sourceTree = "<group>"; };
		C7E4478E18400DA20059A65F /* MenuSubmenuView.xib */ = {isa = PBXFileReference; fileEncoding = 4; lastKnownFileType = file.xib; path = MenuSubmenuView.xib; sourceTree = "<group>"; };
		C7E4479018400E7F0059A65F /* MenuSubmenuView.h */ = {isa = PBXFileReference; fileEncoding = 4; lastKnownFileType = sourcecode.c.h; path = MenuSubmenuView.h; sourceTree = "<group>"; };
		C7E4479118400E7F0059A65F /* MenuSubmenuView.m */ = {isa = PBXFileReference; fileEncoding = 4; lastKnownFileType = sourcecode.c.objc; path = MenuSubmenuView.m; sourceTree = "<group>"; };
		CB3DFE4F1895E26B00CD0013 /* .gitignore */ = {isa = PBXFileReference; fileEncoding = 4; lastKnownFileType = text; path = .gitignore; sourceTree = "<group>"; };
		CBF5573F18B3FF4B005C7047 /* ImageDemoAppDelegate.h */ = {isa = PBXFileReference; fileEncoding = 4; lastKnownFileType = file; path = ImageDemoAppDelegate.h; sourceTree = "<group>"; };
		CBF5574018B3FF4B005C7047 /* ImageDemoAppDelegate.m */ = {isa = PBXFileReference; fileEncoding = 4; lastKnownFileType = file; path = ImageDemoAppDelegate.m; sourceTree = "<group>"; };
		CBF5574118B3FF4B005C7047 /* ImageDemoViewController.h */ = {isa = PBXFileReference; fileEncoding = 4; lastKnownFileType = file; path = ImageDemoViewController.h; sourceTree = "<group>"; };
		CBF5574218B3FF4B005C7047 /* ImageDemoViewController.m */ = {isa = PBXFileReference; fileEncoding = 4; lastKnownFileType = file; path = ImageDemoViewController.m; sourceTree = "<group>"; };
		CBF5574318B3FF4B005C7047 /* ImageDemoGridViewCell.h */ = {isa = PBXFileReference; fileEncoding = 4; lastKnownFileType = file; path = ImageDemoGridViewCell.h; sourceTree = "<group>"; };
		CBF5574418B3FF4B005C7047 /* ImageDemoGridViewCell.m */ = {isa = PBXFileReference; fileEncoding = 4; lastKnownFileType = file; path = ImageDemoGridViewCell.m; sourceTree = "<group>"; };
		CBF5574518B3FF4B005C7047 /* ImageDemoFilledCell.h */ = {isa = PBXFileReference; fileEncoding = 4; lastKnownFileType = file; path = ImageDemoFilledCell.h; sourceTree = "<group>"; };
		CBF5574618B3FF4B005C7047 /* ImageDemoFilledCell.m */ = {isa = PBXFileReference; fileEncoding = 4; lastKnownFileType = file; path = ImageDemoFilledCell.m; sourceTree = "<group>"; };
		CBF5574718B3FF4B005C7047 /* ImageDemoCellChooser.h */ = {isa = PBXFileReference; fileEncoding = 4; lastKnownFileType = file; path = ImageDemoCellChooser.h; sourceTree = "<group>"; };
		CBF5574818B3FF4B005C7047 /* ImageDemoCellChooser.m */ = {isa = PBXFileReference; fileEncoding = 4; lastKnownFileType = file; path = ImageDemoCellChooser.m; sourceTree = "<group>"; };
		CBF5574918B3FF4B005C7047 /* AQGridView+CellLayout.h */ = {isa = PBXFileReference; fileEncoding = 4; lastKnownFileType = file; path = "AQGridView+CellLayout.h"; sourceTree = "<group>"; };
		CBF5574A18B3FF4B005C7047 /* AQGridView+CellLocationDelegation.h */ = {isa = PBXFileReference; fileEncoding = 4; lastKnownFileType = file; path = "AQGridView+CellLocationDelegation.h"; sourceTree = "<group>"; };
		CBF5574B18B3FF4B005C7047 /* AQGridView.h */ = {isa = PBXFileReference; fileEncoding = 4; lastKnownFileType = file; path = AQGridView.h; sourceTree = "<group>"; };
		CBF5574C18B3FF4B005C7047 /* AQGridView.m */ = {isa = PBXFileReference; fileEncoding = 4; lastKnownFileType = file; path = AQGridView.m; sourceTree = "<group>"; };
		CBF5574D18B3FF4B005C7047 /* AQGridViewCell+AQGridViewCellPrivate.h */ = {isa = PBXFileReference; fileEncoding = 4; lastKnownFileType = file; path = "AQGridViewCell+AQGridViewCellPrivate.h"; sourceTree = "<group>"; };
		CBF5574E18B3FF4B005C7047 /* AQGridViewCell.h */ = {isa = PBXFileReference; fileEncoding = 4; lastKnownFileType = file; path = AQGridViewCell.h; sourceTree = "<group>"; };
		CBF5574F18B3FF4B005C7047 /* AQGridViewCell.m */ = {isa = PBXFileReference; fileEncoding = 4; lastKnownFileType = file; path = AQGridViewCell.m; sourceTree = "<group>"; };
		CBF5575018B3FF4B005C7047 /* AQGridViewController.h */ = {isa = PBXFileReference; fileEncoding = 4; lastKnownFileType = file; path = AQGridViewController.h; sourceTree = "<group>"; };
		CBF5575118B3FF4B005C7047 /* AQGridViewController.m */ = {isa = PBXFileReference; fileEncoding = 4; lastKnownFileType = file; path = AQGridViewController.m; sourceTree = "<group>"; };
		CBF5575218B3FF4B005C7047 /* AQGridViewData.h */ = {isa = PBXFileReference; fileEncoding = 4; lastKnownFileType = file; path = AQGridViewData.h; sourceTree = "<group>"; };
		CBF5575318B3FF4B005C7047 /* AQGridViewData.m */ = {isa = PBXFileReference; fileEncoding = 4; lastKnownFileType = file; path = AQGridViewData.m; sourceTree = "<group>"; };
		CBF5575418B3FF4B005C7047 /* AQGridViewUpdateInfo.h */ = {isa = PBXFileReference; fileEncoding = 4; lastKnownFileType = file; path = AQGridViewUpdateInfo.h; sourceTree = "<group>"; };
		CBF5575518B3FF4B005C7047 /* AQGridViewUpdateInfo.m */ = {isa = PBXFileReference; fileEncoding = 4; lastKnownFileType = file; path = AQGridViewUpdateInfo.m; sourceTree = "<group>"; };
		CBF5575618B3FF4B005C7047 /* AQGridViewUpdateItem.h */ = {isa = PBXFileReference; fileEncoding = 4; lastKnownFileType = file; path = AQGridViewUpdateItem.h; sourceTree = "<group>"; };
		CBF5575718B3FF4B005C7047 /* AQGridViewUpdateItem.m */ = {isa = PBXFileReference; fileEncoding = 4; lastKnownFileType = file; path = AQGridViewUpdateItem.m; sourceTree = "<group>"; };
		CBF5575818B3FF4B005C7047 /* AQGridViewAnimatorItem.h */ = {isa = PBXFileReference; fileEncoding = 4; lastKnownFileType = file; path = AQGridViewAnimatorItem.h; sourceTree = "<group>"; };
		CBF5575918B3FF4B005C7047 /* AQGridViewAnimatorItem.m */ = {isa = PBXFileReference; fileEncoding = 4; lastKnownFileType = file; path = AQGridViewAnimatorItem.m; sourceTree = "<group>"; };
		CBF5575A18B3FF4B005C7047 /* UIColor+AQGridView.h */ = {isa = PBXFileReference; fileEncoding = 4; lastKnownFileType = file; path = "UIColor+AQGridView.h"; sourceTree = "<group>"; };
		CBF5575B18B3FF4B005C7047 /* UIColor+AQGridView.m */ = {isa = PBXFileReference; fileEncoding = 4; lastKnownFileType = file; path = "UIColor+AQGridView.m"; sourceTree = "<group>"; };
		CBF5575C18B3FF4B005C7047 /* NSIndexSet+AQIsSetContiguous.h */ = {isa = PBXFileReference; fileEncoding = 4; lastKnownFileType = file; path = "NSIndexSet+AQIsSetContiguous.h"; sourceTree = "<group>"; };
		CBF5575D18B3FF4B005C7047 /* NSIndexSet+AQIsSetContiguous.m */ = {isa = PBXFileReference; fileEncoding = 4; lastKnownFileType = file; path = "NSIndexSet+AQIsSetContiguous.m"; sourceTree = "<group>"; };
		CBF5575E18B3FF4B005C7047 /* NSIndexSet+AQIndexesOutsideSet.h */ = {isa = PBXFileReference; fileEncoding = 4; lastKnownFileType = file; path = "NSIndexSet+AQIndexesOutsideSet.h"; sourceTree = "<group>"; };
		CBF5575F18B3FF4B005C7047 /* NSIndexSet+AQIndexesOutsideSet.m */ = {isa = PBXFileReference; fileEncoding = 4; lastKnownFileType = file; path = "NSIndexSet+AQIndexesOutsideSet.m"; sourceTree = "<group>"; };
		CBF5576218B3FF4B005C7047 /* ImageDemo_Prefix.pch */ = {isa = PBXFileReference; fileEncoding = 4; lastKnownFileType = file; path = ImageDemo_Prefix.pch; sourceTree = "<group>"; };
		CBF5576318B3FF4B005C7047 /* main.m */ = {isa = PBXFileReference; fileEncoding = 4; lastKnownFileType = file; path = main.m; sourceTree = "<group>"; };
		CBF5576518B3FF4B005C7047 /* 3D-simplicity.png */ = {isa = PBXFileReference; lastKnownFileType = file; path = "3D-simplicity.png"; sourceTree = "<group>"; };
		CBF5576618B3FF4B005C7047 /* AppleTV-esque_by-mikelcroft_nl-1440.png */ = {isa = PBXFileReference; lastKnownFileType = file; path = "AppleTV-esque_by-mikelcroft_nl-1440.png"; sourceTree = "<group>"; };
		CBF5576718B3FF4B005C7047 /* batman_surfing_on_superman.png */ = {isa = PBXFileReference; lastKnownFileType = file; path = batman_surfing_on_superman.png; sourceTree = "<group>"; };
		CBF5576818B3FF4B005C7047 /* coffee-break_.png */ = {isa = PBXFileReference; lastKnownFileType = file; path = "coffee-break_.png"; sourceTree = "<group>"; };
		CBF5576918B3FF4B005C7047 /* colorful_1440x900.png */ = {isa = PBXFileReference; lastKnownFileType = file; path = colorful_1440x900.png; sourceTree = "<group>"; };
		CBF5576A18B3FF4B005C7047 /* Composition53.png */ = {isa = PBXFileReference; lastKnownFileType = file; path = Composition53.png; sourceTree = "<group>"; };
		CBF5576B18B3FF4B005C7047 /* Dragon.png */ = {isa = PBXFileReference; lastKnownFileType = file; path = Dragon.png; sourceTree = "<group>"; };
		CBF5576C18B3FF4B005C7047 /* eclipse.png */ = {isa = PBXFileReference; lastKnownFileType = file; path = eclipse.png; sourceTree = "<group>"; };
		CBF5576D18B3FF4B005C7047 /* face.png */ = {isa = PBXFileReference; lastKnownFileType = file; path = face.png; sourceTree = "<group>"; };
		CBF5576E18B3FF4B005C7047 /* focus.png */ = {isa = PBXFileReference; lastKnownFileType = file; path = focus.png; sourceTree = "<group>"; };
		CBF5576F18B3FF4B005C7047 /* gbo.png */ = {isa = PBXFileReference; lastKnownFileType = file; path = gbo.png; sourceTree = "<group>"; };
		CBF5577018B3FF4B005C7047 /* Green_Plant_(2560x1600).png */ = {isa = PBXFileReference; lastKnownFileType = file; path = "Green_Plant_(2560x1600).png"; sourceTree = "<group>"; };
		CBF5577118B3FF4B005C7047 /* grounded.png */ = {isa = PBXFileReference; lastKnownFileType = file; path = grounded.png; sourceTree = "<group>"; };
		CBF5577218B3FF4B005C7047 /* happy.png */ = {isa = PBXFileReference; lastKnownFileType = file; path = happy.png; sourceTree = "<group>"; };
		CBF5577318B3FF4B005C7047 /* LeatherHoles-Apple.png */ = {isa = PBXFileReference; lastKnownFileType = file; path = "LeatherHoles-Apple.png"; sourceTree = "<group>"; };
		CBF5577418B3FF4B005C7047 /* Let_it_snow_by_mj_coffeeholick.png */ = {isa = PBXFileReference; lastKnownFileType = file; path = Let_it_snow_by_mj_coffeeholick.png; sourceTree = "<group>"; };
		CBF5577518B3FF4B005C7047 /* Luxury_Apple_by_Stratification.png */ = {isa = PBXFileReference; lastKnownFileType = file; path = Luxury_Apple_by_Stratification.png; sourceTree = "<group>"; };
		CBF5577618B3FF4B005C7047 /* MacMini.png */ = {isa = PBXFileReference; lastKnownFileType = file; path = MacMini.png; sourceTree = "<group>"; };
		CBF5577718B3FF4B005C7047 /* SlaveKingGod.png */ = {isa = PBXFileReference; lastKnownFileType = file; path = SlaveKingGod.png; sourceTree = "<group>"; };
		CBF5577818B3FF4B005C7047 /* Snow_Leopard_by_vladstudio.png */ = {isa = PBXFileReference; lastKnownFileType = file; path = Snow_Leopard_by_vladstudio.png; sourceTree = "<group>"; };
		CBF5577918B3FF4B005C7047 /* Space Fold.png */ = {isa = PBXFileReference; lastKnownFileType = file; path = "Space Fold.png"; sourceTree = "<group>"; };
		CBF5577A18B3FF4B005C7047 /* Stormcloud_Schmeisser.png */ = {isa = PBXFileReference; lastKnownFileType = file; path = Stormcloud_Schmeisser.png; sourceTree = "<group>"; };
		CBF5577B18B3FF4B005C7047 /* tiamat.png */ = {isa = PBXFileReference; lastKnownFileType = file; path = tiamat.png; sourceTree = "<group>"; };
		CBF5577C18B3FF4B005C7047 /* WTF.png */ = {isa = PBXFileReference; lastKnownFileType = file; path = WTF.png; sourceTree = "<group>"; };
		CBF5577E18B3FF4B005C7047 /* AQGridSelection.png */ = {isa = PBXFileReference; lastKnownFileType = file; name = AQGridSelection.png; path = ../../Resources/AQGridSelection.png; sourceTree = "<group>"; };
		CBF5577F18B3FF4B005C7047 /* AQGridSelectionGray.png */ = {isa = PBXFileReference; lastKnownFileType = file; name = AQGridSelectionGray.png; path = ../../Resources/AQGridSelectionGray.png; sourceTree = "<group>"; };
		CBF5578018B3FF4B005C7047 /* AQGridSelectionGrayBlue.png */ = {isa = PBXFileReference; lastKnownFileType = file; name = AQGridSelectionGrayBlue.png; path = ../../Resources/AQGridSelectionGrayBlue.png; sourceTree = "<group>"; };
		CBF5578118B3FF4B005C7047 /* AQGridSelectionGreen.png */ = {isa = PBXFileReference; lastKnownFileType = file; name = AQGridSelectionGreen.png; path = ../../Resources/AQGridSelectionGreen.png; sourceTree = "<group>"; };
		CBF5578218B3FF4B005C7047 /* AQGridSelectionRed.png */ = {isa = PBXFileReference; lastKnownFileType = file; name = AQGridSelectionRed.png; path = ../../Resources/AQGridSelectionRed.png; sourceTree = "<group>"; };
		CBF5578418B3FF4B005C7047 /* MainWindow.xib */ = {isa = PBXFileReference; lastKnownFileType = file; path = MainWindow.xib; sourceTree = "<group>"; };
		CBF5578518B3FF4B005C7047 /* ImageDemoViewController.xib */ = {isa = PBXFileReference; lastKnownFileType = file; path = ImageDemoViewController.xib; sourceTree = "<group>"; };
		CBF5578618B3FF4B005C7047 /* ImageDemo-Info.plist */ = {isa = PBXFileReference; fileEncoding = 4; lastKnownFileType = file; path = "ImageDemo-Info.plist"; sourceTree = "<group>"; };
		CBF5578818B3FF4B005C7047 /* UIKit.framework */ = {isa = PBXFileReference; lastKnownFileType = wrapper.framework; name = UIKit.framework; path = /Applications/Xcode.app/Contents/Developer/Platforms/iPhoneOS.platform/Developer/SDKs/iPhoneOS6.1.sdk/System/Library/Frameworks/UIKit.framework; sourceTree = "<absolute>"; };
		CBF5578918B3FF4B005C7047 /* Foundation.framework */ = {isa = PBXFileReference; lastKnownFileType = wrapper.framework; name = Foundation.framework; path = /Applications/Xcode.app/Contents/Developer/Platforms/iPhoneOS.platform/Developer/SDKs/iPhoneOS6.1.sdk/System/Library/Frameworks/Foundation.framework; sourceTree = "<absolute>"; };
		CBF5578A18B3FF4B005C7047 /* CoreGraphics.framework */ = {isa = PBXFileReference; lastKnownFileType = wrapper.framework; name = CoreGraphics.framework; path = /Applications/Xcode.app/Contents/Developer/Platforms/iPhoneOS.platform/Developer/SDKs/iPhoneOS6.1.sdk/System/Library/Frameworks/CoreGraphics.framework; sourceTree = "<absolute>"; };
		CBF5578B18B3FF4B005C7047 /* QuartzCore.framework */ = {isa = PBXFileReference; lastKnownFileType = wrapper.framework; name = QuartzCore.framework; path = /Applications/Xcode.app/Contents/Developer/Platforms/iPhoneOS.platform/Developer/SDKs/iPhoneOS6.1.sdk/System/Library/Frameworks/QuartzCore.framework; sourceTree = "<absolute>"; };
		CBF5578D18B3FF4B005C7047 /* ImageDemo.app */ = {isa = PBXFileReference; explicitFileType = wrapper.application; path = ImageDemo.app; sourceTree = SOURCE_ROOT; };
/* End PBXFileReference section */

/* Begin PBXFrameworksBuildPhase section */
		C762B698181DB7B500EB3674 /* Frameworks */ = {
			isa = PBXFrameworksBuildPhase;
			buildActionMask = 2147483647;
			files = (
				C71981AA1850138E00D502E3 /* libGTLTouchStaticLib.a in Frameworks */,
				C71981AB1850138E00D502E3 /* MobileCoreServices.framework in Frameworks */,
				C71981AC1850138E00D502E3 /* Security.framework in Frameworks */,
				C71981AD1850138E00D502E3 /* SystemConfiguration.framework in Frameworks */,
				C762B69F181DB7B500EB3674 /* UIKit.framework in Frameworks */,
				C762B6A1181DB7B500EB3674 /* Foundation.framework in Frameworks */,
				C762B6A3181DB7B500EB3674 /* CoreGraphics.framework in Frameworks */,
				CBF557D218B3FF4B005C7047 /* UIKit.framework in Frameworks */,
				CBF557D318B3FF4B005C7047 /* Foundation.framework in Frameworks */,
				CBF557D418B3FF4B005C7047 /* CoreGraphics.framework in Frameworks */,
				CBF557D518B3FF4B005C7047 /* QuartzCore.framework in Frameworks */,
			);
			runOnlyForDeploymentPostprocessing = 0;
		};
/* End PBXFrameworksBuildPhase section */

/* Begin PBXGroup section */
		C72B07D1182B325E003B9494 /* IB Files */ = {
			isa = PBXGroup;
			children = (
				C7E4478E18400DA20059A65F /* MenuSubmenuView.xib */,
				C762B6B9181DB7B500EB3674 /* NotebookViewController.xib */,
				C75EF9F418246AAE00C9A725 /* SideBarView.xib */,
				168337881826F76C0069A31E /* PaintSubmenuView.xib */,
			);
			name = "IB Files";
			sourceTree = "<group>";
		};
		C72B07D2182B3283003B9494 /* Views */ = {
			isa = PBXGroup;
			children = (
				C7E4479018400E7F0059A65F /* MenuSubmenuView.h */,
				C7E4479118400E7F0059A65F /* MenuSubmenuView.m */,
				C74921E2182DB5AA0041F997 /* PaintSubmenuView.h */,
				C74921E3182DB5AA0041F997 /* PaintSubmenuView.m */,
				C75EF9F91826E8E600C9A725 /* PaintView.h */,
				C75EF9FA1826E8E600C9A725 /* PaintView.m */,
				C75EF9F618246B3D00C9A725 /* SideBarView.h */,
				C75EF9F718246B3D00C9A725 /* SideBarView.m */,
			);
			name = Views;
			sourceTree = "<group>";
		};
		C72B07D3182B3290003B9494 /* View Controllers */ = {
			isa = PBXGroup;
			children = (
				C762B6B6181DB7B500EB3674 /* NotebookViewController.h */,
				C762B6B7181DB7B500EB3674 /* NotebookViewController.m */,
			);
			name = "View Controllers";
			sourceTree = "<group>";
		};
		C762B692181DB7B500EB3674 = {
			isa = PBXGroup;
			children = (
				C762B6A4181DB7B500EB3674 /* StemNotebook */,
				C762B69D181DB7B500EB3674 /* Frameworks */,
				C762B69C181DB7B500EB3674 /* Products */,
			);
			sourceTree = "<group>";
		};
		C762B69C181DB7B500EB3674 /* Products */ = {
			isa = PBXGroup;
			children = (
				C762B69B181DB7B500EB3674 /* StemNotebook.app */,
			);
			name = Products;
			sourceTree = "<group>";
		};
		C762B69D181DB7B500EB3674 /* Frameworks */ = {
			isa = PBXGroup;
			children = (
				C71981A61850138E00D502E3 /* libGTLTouchStaticLib.a */,
				C71981A71850138E00D502E3 /* MobileCoreServices.framework */,
				C71981A81850138E00D502E3 /* Security.framework */,
				C71981A91850138E00D502E3 /* SystemConfiguration.framework */,
				C762B69E181DB7B500EB3674 /* UIKit.framework */,
				C762B6A0181DB7B500EB3674 /* Foundation.framework */,
				C762B6A2181DB7B500EB3674 /* CoreGraphics.framework */,
			);
			name = Frameworks;
			sourceTree = "<group>";
		};
		C762B6A4181DB7B500EB3674 /* StemNotebook */ = {
			isa = PBXGroup;
			children = (
				CB3DFE4D1895E26B00CD0013 /* Bookshelf */,
				C7AF899C1850D4B000F6A093 /* Api Provided Files */,
				C7AF899B1850D49100F6A093 /* Backend Support */,
				C7233B4A182DB4E200CFE9B9 /* NotebookViewDelegate.h */,
				C72B07D2182B3283003B9494 /* Views */,
				C762B6AE181DB7B500EB3674 /* AppDelegate.m */,
				C762B6AD181DB7B500EB3674 /* AppDelegate.h */,
				C72B07D3182B3290003B9494 /* View Controllers */,
				C72B07D1182B325E003B9494 /* IB Files */,
				C762B6A5181DB7B500EB3674 /* Supporting Files */,
			);
			path = StemNotebook;
			sourceTree = "<group>";
		};
		C762B6A5181DB7B500EB3674 /* Supporting Files */ = {
			isa = PBXGroup;
			children = (
				C71981AE185014B300D502E3 /* GTMOAuth2ViewTouch.xib */,
				C762B6A6181DB7B500EB3674 /* StemNotebook-Info.plist */,
				C762B6A7181DB7B500EB3674 /* InfoPlist.strings */,
				C762B6AA181DB7B500EB3674 /* main.m */,
				C762B6AC181DB7B500EB3674 /* StemNotebook-Prefix.pch */,
				C762B6B0181DB7B500EB3674 /* Default.png */,
				C762B6B2181DB7B500EB3674 /* Default@2x.png */,
				C762B6B4181DB7B500EB3674 /* Default-568h@2x.png */,
			);
			name = "Supporting Files";
			sourceTree = "<group>";
		};
		C7AF899B1850D49100F6A093 /* Backend Support */ = {
			isa = PBXGroup;
			children = (
				C7AF899D1850D4DC00F6A093 /* DriveManager.h */,
				C7AF899E1850D4DC00F6A093 /* DriveManager.m */,
			);
			name = "Backend Support";
			sourceTree = "<group>";
		};
		C7AF899C1850D4B000F6A093 /* Api Provided Files */ = {
			isa = PBXGroup;
			children = (
				C71981B0185015C800D502E3 /* GTLDrive_Sources.m */,
				C71981B1185015C800D502E3 /* GTLDrive.h */,
			);
			name = "Api Provided Files";
			sourceTree = "<group>";
		};
		CB3DFE4D1895E26B00CD0013 /* Bookshelf */ = {
			isa = PBXGroup;
			children = (
				CB3DFE4E1895E26B00CD0013 /* AQGridView */,
			);
			path = Bookshelf;
			sourceTree = "<group>";
		};
		CB3DFE4E1895E26B00CD0013 /* AQGridView */ = {
			isa = PBXGroup;
			children = (
				CB3DFE4F1895E26B00CD0013 /* .gitignore */,
				CBF5576118B3FF4B005C7047 /* Classes */,
				CBF5576418B3FF4B005C7047 /* Other Sources */,
				CBF5578718B3FF4B005C7047 /* Resources */,
				CBF5578C18B3FF4B005C7047 /* Frameworks */,
				CBF5578E18B3FF4B005C7047 /* Products */,
			);
			path = AQGridView;
			sourceTree = "<group>";
		};
		CBF5576018B3FF4B005C7047 /* GridView */ = {
			isa = PBXGroup;
			children = (
				CBF5574918B3FF4B005C7047 /* AQGridView+CellLayout.h */,
				CBF5574A18B3FF4B005C7047 /* AQGridView+CellLocationDelegation.h */,
				CBF5574B18B3FF4B005C7047 /* AQGridView.h */,
				CBF5574C18B3FF4B005C7047 /* AQGridView.m */,
				CBF5574D18B3FF4B005C7047 /* AQGridViewCell+AQGridViewCellPrivate.h */,
				CBF5574E18B3FF4B005C7047 /* AQGridViewCell.h */,
				CBF5574F18B3FF4B005C7047 /* AQGridViewCell.m */,
				CBF5575018B3FF4B005C7047 /* AQGridViewController.h */,
				CBF5575118B3FF4B005C7047 /* AQGridViewController.m */,
				CBF5575218B3FF4B005C7047 /* AQGridViewData.h */,
				CBF5575318B3FF4B005C7047 /* AQGridViewData.m */,
				CBF5575418B3FF4B005C7047 /* AQGridViewUpdateInfo.h */,
				CBF5575518B3FF4B005C7047 /* AQGridViewUpdateInfo.m */,
				CBF5575618B3FF4B005C7047 /* AQGridViewUpdateItem.h */,
				CBF5575718B3FF4B005C7047 /* AQGridViewUpdateItem.m */,
				CBF5575818B3FF4B005C7047 /* AQGridViewAnimatorItem.h */,
				CBF5575918B3FF4B005C7047 /* AQGridViewAnimatorItem.m */,
				CBF5575A18B3FF4B005C7047 /* UIColor+AQGridView.h */,
				CBF5575B18B3FF4B005C7047 /* UIColor+AQGridView.m */,
				CBF5575C18B3FF4B005C7047 /* NSIndexSet+AQIsSetContiguous.h */,
				CBF5575D18B3FF4B005C7047 /* NSIndexSet+AQIsSetContiguous.m */,
				CBF5575E18B3FF4B005C7047 /* NSIndexSet+AQIndexesOutsideSet.h */,
				CBF5575F18B3FF4B005C7047 /* NSIndexSet+AQIndexesOutsideSet.m */,
			);
			name = GridView;
			path = ../../../Classes;
			sourceTree = "<group>";
		};
		CBF5576118B3FF4B005C7047 /* Classes */ = {
			isa = PBXGroup;
			children = (
				CBF5573F18B3FF4B005C7047 /* ImageDemoAppDelegate.h */,
				CBF5574018B3FF4B005C7047 /* ImageDemoAppDelegate.m */,
				CBF5574118B3FF4B005C7047 /* ImageDemoViewController.h */,
				CBF5574218B3FF4B005C7047 /* ImageDemoViewController.m */,
				CBF5574318B3FF4B005C7047 /* ImageDemoGridViewCell.h */,
				CBF5574418B3FF4B005C7047 /* ImageDemoGridViewCell.m */,
				CBF5574518B3FF4B005C7047 /* ImageDemoFilledCell.h */,
				CBF5574618B3FF4B005C7047 /* ImageDemoFilledCell.m */,
				CBF5574718B3FF4B005C7047 /* ImageDemoCellChooser.h */,
				CBF5574818B3FF4B005C7047 /* ImageDemoCellChooser.m */,
				CBF5576018B3FF4B005C7047 /* GridView */,
			);
			name = Classes;
			path = Examples/ImageDemo/Classes;
			sourceTree = "<group>";
		};
		CBF5576418B3FF4B005C7047 /* Other Sources */ = {
			isa = PBXGroup;
			children = (
				CBF5576218B3FF4B005C7047 /* ImageDemo_Prefix.pch */,
				CBF5576318B3FF4B005C7047 /* main.m */,
			);
			name = "Other Sources";
			path = Examples/ImageDemo;
			sourceTree = "<group>";
		};
		CBF5577D18B3FF4B005C7047 /* Images */ = {
			isa = PBXGroup;
			children = (
				CBF5576518B3FF4B005C7047 /* 3D-simplicity.png */,
				CBF5576618B3FF4B005C7047 /* AppleTV-esque_by-mikelcroft_nl-1440.png */,
				CBF5576718B3FF4B005C7047 /* batman_surfing_on_superman.png */,
				CBF5576818B3FF4B005C7047 /* coffee-break_.png */,
				CBF5576918B3FF4B005C7047 /* colorful_1440x900.png */,
				CBF5576A18B3FF4B005C7047 /* Composition53.png */,
				CBF5576B18B3FF4B005C7047 /* Dragon.png */,
				CBF5576C18B3FF4B005C7047 /* eclipse.png */,
				CBF5576D18B3FF4B005C7047 /* face.png */,
				CBF5576E18B3FF4B005C7047 /* focus.png */,
				CBF5576F18B3FF4B005C7047 /* gbo.png */,
				CBF5577018B3FF4B005C7047 /* Green_Plant_(2560x1600).png */,
				CBF5577118B3FF4B005C7047 /* grounded.png */,
				CBF5577218B3FF4B005C7047 /* happy.png */,
				CBF5577318B3FF4B005C7047 /* LeatherHoles-Apple.png */,
				CBF5577418B3FF4B005C7047 /* Let_it_snow_by_mj_coffeeholick.png */,
				CBF5577518B3FF4B005C7047 /* Luxury_Apple_by_Stratification.png */,
				CBF5577618B3FF4B005C7047 /* MacMini.png */,
				CBF5577718B3FF4B005C7047 /* SlaveKingGod.png */,
				CBF5577818B3FF4B005C7047 /* Snow_Leopard_by_vladstudio.png */,
				CBF5577918B3FF4B005C7047 /* Space Fold.png */,
				CBF5577A18B3FF4B005C7047 /* Stormcloud_Schmeisser.png */,
				CBF5577B18B3FF4B005C7047 /* tiamat.png */,
				CBF5577C18B3FF4B005C7047 /* WTF.png */,
			);
			path = Images;
			sourceTree = "<group>";
		};
		CBF5578318B3FF4B005C7047 /* GridView */ = {
			isa = PBXGroup;
			children = (
				CBF5577E18B3FF4B005C7047 /* AQGridSelection.png */,
				CBF5577F18B3FF4B005C7047 /* AQGridSelectionGray.png */,
				CBF5578018B3FF4B005C7047 /* AQGridSelectionGrayBlue.png */,
				CBF5578118B3FF4B005C7047 /* AQGridSelectionGreen.png */,
				CBF5578218B3FF4B005C7047 /* AQGridSelectionRed.png */,
			);
			name = GridView;
			sourceTree = "<group>";
		};
		CBF5578718B3FF4B005C7047 /* Resources */ = {
			isa = PBXGroup;
			children = (
				CBF5577D18B3FF4B005C7047 /* Images */,
				CBF5578318B3FF4B005C7047 /* GridView */,
				CBF5578418B3FF4B005C7047 /* MainWindow.xib */,
				CBF5578518B3FF4B005C7047 /* ImageDemoViewController.xib */,
				CBF5578618B3FF4B005C7047 /* ImageDemo-Info.plist */,
			);
			name = Resources;
			path = Examples/ImageDemo;
			sourceTree = "<group>";
		};
		CBF5578C18B3FF4B005C7047 /* Frameworks */ = {
			isa = PBXGroup;
			children = (
				CBF5578818B3FF4B005C7047 /* UIKit.framework */,
				CBF5578918B3FF4B005C7047 /* Foundation.framework */,
				CBF5578A18B3FF4B005C7047 /* CoreGraphics.framework */,
				CBF5578B18B3FF4B005C7047 /* QuartzCore.framework */,
			);
			name = Frameworks;
			path = Examples/ImageDemo;
			sourceTree = "<group>";
		};
		CBF5578E18B3FF4B005C7047 /* Products */ = {
			isa = PBXGroup;
			children = (
				CBF5578D18B3FF4B005C7047 /* ImageDemo.app */,
			);
			name = Products;
			path = Examples/ImageDemo;
			sourceTree = "<group>";
		};
/* End PBXGroup section */

/* Begin PBXNativeTarget section */
		C762B69A181DB7B500EB3674 /* StemNotebook */ = {
			isa = PBXNativeTarget;
			buildConfigurationList = C762B6BE181DB7B500EB3674 /* Build configuration list for PBXNativeTarget "StemNotebook" */;
			buildPhases = (
				C762B697181DB7B500EB3674 /* Sources */,
				C762B698181DB7B500EB3674 /* Frameworks */,
				C762B699181DB7B500EB3674 /* Resources */,
			);
			buildRules = (
			);
			dependencies = (
			);
			name = StemNotebook;
			productName = StemNotebook;
			productReference = C762B69B181DB7B500EB3674 /* StemNotebook.app */;
			productType = "com.apple.product-type.application";
		};
/* End PBXNativeTarget section */

/* Begin PBXProject section */
		C762B693181DB7B500EB3674 /* Project object */ = {
			isa = PBXProject;
			attributes = {
				LastUpgradeCheck = 0460;
				ORGANIZATIONNAME = HardWonKnowledge;
				TargetAttributes = {
					C762B69A181DB7B500EB3674 = {
						DevelopmentTeam = VT9937V7SF;
					};
				};
			};
			buildConfigurationList = C762B696181DB7B500EB3674 /* Build configuration list for PBXProject "StemNotebook" */;
			compatibilityVersion = "Xcode 3.2";
			developmentRegion = English;
			hasScannedForEncodings = 0;
			knownRegions = (
				en,
			);
			mainGroup = C762B692181DB7B500EB3674;
			productRefGroup = C762B69C181DB7B500EB3674 /* Products */;
			projectDirPath = "";
			projectRoot = "";
			targets = (
				C762B69A181DB7B500EB3674 /* StemNotebook */,
			);
		};
/* End PBXProject section */

/* Begin PBXResourcesBuildPhase section */
		C762B699181DB7B500EB3674 /* Resources */ = {
			isa = PBXResourcesBuildPhase;
			buildActionMask = 2147483647;
			files = (
				C71981AF185014B300D502E3 /* GTMOAuth2ViewTouch.xib in Resources */,
				C762B6A9181DB7B500EB3674 /* InfoPlist.strings in Resources */,
				C75EF9F518246AAE00C9A725 /* SideBarView.xib in Resources */,
				C762B6B1181DB7B500EB3674 /* Default.png in Resources */,
				C7E4478F18400DA20059A65F /* MenuSubmenuView.xib in Resources */,
				C762B6B3181DB7B500EB3674 /* Default@2x.png in Resources */,
				C762B6B5181DB7B500EB3674 /* Default-568h@2x.png in Resources */,
				C762B6BB181DB7B500EB3674 /* NotebookViewController.xib in Resources */,
				168337891826F76C0069A31E /* PaintSubmenuView.xib in Resources */,
				CB3DFED01895E26B00CD0013 /* .gitignore in Resources */,
				CBF5578F18B3FF4B005C7047 /* ImageDemoAppDelegate.h in Resources */,
				CBF5579018B3FF4B005C7047 /* ImageDemoAppDelegate.m in Resources */,
				CBF5579118B3FF4B005C7047 /* ImageDemoViewController.h in Resources */,
				CBF5579218B3FF4B005C7047 /* ImageDemoViewController.m in Resources */,
				CBF5579318B3FF4B005C7047 /* ImageDemoGridViewCell.h in Resources */,
				CBF5579418B3FF4B005C7047 /* ImageDemoGridViewCell.m in Resources */,
				CBF5579518B3FF4B005C7047 /* ImageDemoFilledCell.h in Resources */,
				CBF5579618B3FF4B005C7047 /* ImageDemoFilledCell.m in Resources */,
				CBF5579718B3FF4B005C7047 /* ImageDemoCellChooser.h in Resources */,
				CBF5579818B3FF4B005C7047 /* ImageDemoCellChooser.m in Resources */,
				CBF5579918B3FF4B005C7047 /* AQGridView+CellLayout.h in Resources */,
				CBF5579A18B3FF4B005C7047 /* AQGridView+CellLocationDelegation.h in Resources */,
				CBF5579B18B3FF4B005C7047 /* AQGridView.h in Resources */,
				CBF5579C18B3FF4B005C7047 /* AQGridView.m in Resources */,
				CBF5579D18B3FF4B005C7047 /* AQGridViewCell+AQGridViewCellPrivate.h in Resources */,
				CBF5579E18B3FF4B005C7047 /* AQGridViewCell.h in Resources */,
				CBF5579F18B3FF4B005C7047 /* AQGridViewCell.m in Resources */,
				CBF557A018B3FF4B005C7047 /* AQGridViewController.h in Resources */,
				CBF557A118B3FF4B005C7047 /* AQGridViewController.m in Resources */,
				CBF557A218B3FF4B005C7047 /* AQGridViewData.h in Resources */,
				CBF557A318B3FF4B005C7047 /* AQGridViewData.m in Resources */,
				CBF557A418B3FF4B005C7047 /* AQGridViewUpdateInfo.h in Resources */,
				CBF557A518B3FF4B005C7047 /* AQGridViewUpdateInfo.m in Resources */,
				CBF557A618B3FF4B005C7047 /* AQGridViewUpdateItem.h in Resources */,
				CBF557A718B3FF4B005C7047 /* AQGridViewUpdateItem.m in Resources */,
				CBF557A818B3FF4B005C7047 /* AQGridViewAnimatorItem.h in Resources */,
				CBF557A918B3FF4B005C7047 /* AQGridViewAnimatorItem.m in Resources */,
				CBF557AA18B3FF4B005C7047 /* UIColor+AQGridView.h in Resources */,
				CBF557AB18B3FF4B005C7047 /* UIColor+AQGridView.m in Resources */,
				CBF557AC18B3FF4B005C7047 /* NSIndexSet+AQIsSetContiguous.h in Resources */,
				CBF557AD18B3FF4B005C7047 /* NSIndexSet+AQIsSetContiguous.m in Resources */,
				CBF557AE18B3FF4B005C7047 /* NSIndexSet+AQIndexesOutsideSet.h in Resources */,
				CBF557AF18B3FF4B005C7047 /* NSIndexSet+AQIndexesOutsideSet.m in Resources */,
				CBF557B018B3FF4B005C7047 /* ImageDemo_Prefix.pch in Resources */,
				CBF557B118B3FF4B005C7047 /* main.m in Resources */,
				CBF557B218B3FF4B005C7047 /* 3D-simplicity.png in Resources */,
				CBF557B318B3FF4B005C7047 /* AppleTV-esque_by-mikelcroft_nl-1440.png in Resources */,
				CBF557B418B3FF4B005C7047 /* batman_surfing_on_superman.png in Resources */,
				CBF557B518B3FF4B005C7047 /* coffee-break_.png in Resources */,
				CBF557B618B3FF4B005C7047 /* colorful_1440x900.png in Resources */,
				CBF557B718B3FF4B005C7047 /* Composition53.png in Resources */,
				CBF557B818B3FF4B005C7047 /* Dragon.png in Resources */,
				CBF557B918B3FF4B005C7047 /* eclipse.png in Resources */,
				CBF557BA18B3FF4B005C7047 /* face.png in Resources */,
				CBF557BB18B3FF4B005C7047 /* focus.png in Resources */,
				CBF557BC18B3FF4B005C7047 /* gbo.png in Resources */,
				CBF557BD18B3FF4B005C7047 /* Green_Plant_(2560x1600).png in Resources */,
				CBF557BE18B3FF4B005C7047 /* grounded.png in Resources */,
				CBF557BF18B3FF4B005C7047 /* happy.png in Resources */,
				CBF557C018B3FF4B005C7047 /* LeatherHoles-Apple.png in Resources */,
				CBF557C118B3FF4B005C7047 /* Let_it_snow_by_mj_coffeeholick.png in Resources */,
				CBF557C218B3FF4B005C7047 /* Luxury_Apple_by_Stratification.png in Resources */,
				CBF557C318B3FF4B005C7047 /* MacMini.png in Resources */,
				CBF557C418B3FF4B005C7047 /* SlaveKingGod.png in Resources */,
				CBF557C518B3FF4B005C7047 /* Snow_Leopard_by_vladstudio.png in Resources */,
				CBF557C618B3FF4B005C7047 /* Space Fold.png in Resources */,
				CBF557C718B3FF4B005C7047 /* Stormcloud_Schmeisser.png in Resources */,
				CBF557C818B3FF4B005C7047 /* tiamat.png in Resources */,
				CBF557C918B3FF4B005C7047 /* WTF.png in Resources */,
				CBF557CA18B3FF4B005C7047 /* AQGridSelection.png in Resources */,
				CBF557CB18B3FF4B005C7047 /* AQGridSelectionGray.png in Resources */,
				CBF557CC18B3FF4B005C7047 /* AQGridSelectionGrayBlue.png in Resources */,
				CBF557CD18B3FF4B005C7047 /* AQGridSelectionGreen.png in Resources */,
				CBF557CE18B3FF4B005C7047 /* AQGridSelectionRed.png in Resources */,
				CBF557CF18B3FF4B005C7047 /* MainWindow.xib in Resources */,
				CBF557D018B3FF4B005C7047 /* ImageDemoViewController.xib in Resources */,
				CBF557D118B3FF4B005C7047 /* ImageDemo-Info.plist in Resources */,
				CBF557D618B3FF4B005C7047 /* ImageDemo.app in Resources */,
			);
			runOnlyForDeploymentPostprocessing = 0;
		};
/* End PBXResourcesBuildPhase section */

/* Begin PBXSourcesBuildPhase section */
		C762B697181DB7B500EB3674 /* Sources */ = {
			isa = PBXSourcesBuildPhase;
			buildActionMask = 2147483647;
			files = (
				C762B6AB181DB7B500EB3674 /* main.m in Sources */,
				C71981B2185015C800D502E3 /* GTLDrive_Sources.m in Sources */,
				C762B6AF181DB7B500EB3674 /* AppDelegate.m in Sources */,
				C7E4479218400E7F0059A65F /* MenuSubmenuView.m in Sources */,
				C75EF9F818246B3D00C9A725 /* SideBarView.m in Sources */,
				C762B6B8181DB7B500EB3674 /* NotebookViewController.m in Sources */,
				C7AF899F1850D4DC00F6A093 /* DriveManager.m in Sources */,
				C75EF9FB1826E8E600C9A725 /* PaintView.m in Sources */,
				C74921E4182DB5AA0041F997 /* PaintSubmenuView.m in Sources */,
			);
			runOnlyForDeploymentPostprocessing = 0;
		};
/* End PBXSourcesBuildPhase section */

/* Begin PBXVariantGroup section */
		C762B6A7181DB7B500EB3674 /* InfoPlist.strings */ = {
			isa = PBXVariantGroup;
			children = (
				C762B6A8181DB7B500EB3674 /* en */,
			);
			name = InfoPlist.strings;
			sourceTree = "<group>";
		};
		C762B6B9181DB7B500EB3674 /* NotebookViewController.xib */ = {
			isa = PBXVariantGroup;
			children = (
				C762B6BA181DB7B500EB3674 /* en */,
			);
			name = NotebookViewController.xib;
			sourceTree = "<group>";
		};
/* End PBXVariantGroup section */

/* Begin XCBuildConfiguration section */
		C762B6BC181DB7B500EB3674 /* Debug */ = {
			isa = XCBuildConfiguration;
			buildSettings = {
				ALWAYS_SEARCH_USER_PATHS = NO;
				CLANG_CXX_LANGUAGE_STANDARD = "gnu++0x";
				CLANG_CXX_LIBRARY = "libc++";
				CLANG_ENABLE_OBJC_ARC = YES;
				CLANG_WARN_CONSTANT_CONVERSION = YES;
				CLANG_WARN_EMPTY_BODY = YES;
				CLANG_WARN_ENUM_CONVERSION = YES;
				CLANG_WARN_INT_CONVERSION = YES;
				CLANG_WARN__DUPLICATE_METHOD_MATCH = YES;
				"CODE_SIGN_IDENTITY[sdk=iphoneos*]" = "iPhone Developer";
				COPY_PHASE_STRIP = NO;
				GCC_C_LANGUAGE_STANDARD = gnu99;
				GCC_DYNAMIC_NO_PIC = NO;
				GCC_OPTIMIZATION_LEVEL = 0;
				GCC_PREPROCESSOR_DEFINITIONS = (
					"DEBUG=1",
					"$(inherited)",
				);
				GCC_SYMBOLS_PRIVATE_EXTERN = NO;
				GCC_WARN_ABOUT_RETURN_TYPE = YES;
				GCC_WARN_UNINITIALIZED_AUTOS = YES;
				GCC_WARN_UNUSED_VARIABLE = YES;
				IPHONEOS_DEPLOYMENT_TARGET = 6.1;
				ONLY_ACTIVE_ARCH = YES;
				SDKROOT = iphoneos;
				TARGETED_DEVICE_FAMILY = 2;
			};
			name = Debug;
		};
		C762B6BD181DB7B500EB3674 /* Release */ = {
			isa = XCBuildConfiguration;
			buildSettings = {
				ALWAYS_SEARCH_USER_PATHS = NO;
				CLANG_CXX_LANGUAGE_STANDARD = "gnu++0x";
				CLANG_CXX_LIBRARY = "libc++";
				CLANG_ENABLE_OBJC_ARC = YES;
				CLANG_WARN_CONSTANT_CONVERSION = YES;
				CLANG_WARN_EMPTY_BODY = YES;
				CLANG_WARN_ENUM_CONVERSION = YES;
				CLANG_WARN_INT_CONVERSION = YES;
				CLANG_WARN__DUPLICATE_METHOD_MATCH = YES;
				"CODE_SIGN_IDENTITY[sdk=iphoneos*]" = "iPhone Developer";
				COPY_PHASE_STRIP = YES;
				GCC_C_LANGUAGE_STANDARD = gnu99;
				GCC_WARN_ABOUT_RETURN_TYPE = YES;
				GCC_WARN_UNINITIALIZED_AUTOS = YES;
				GCC_WARN_UNUSED_VARIABLE = YES;
				IPHONEOS_DEPLOYMENT_TARGET = 6.1;
				OTHER_CFLAGS = "-DNS_BLOCK_ASSERTIONS=1";
				SDKROOT = iphoneos;
				TARGETED_DEVICE_FAMILY = 2;
				VALIDATE_PRODUCT = YES;
			};
			name = Release;
		};
		C762B6BF181DB7B500EB3674 /* Debug */ = {
			isa = XCBuildConfiguration;
			buildSettings = {
				CODE_SIGN_IDENTITY = "iPhone Developer";
				"CODE_SIGN_IDENTITY[sdk=iphoneos*]" = "iPhone Developer";
				GCC_PRECOMPILE_PREFIX_HEADER = YES;
				GCC_PREFIX_HEADER = "StemNotebook/StemNotebook-Prefix.pch";
				INFOPLIST_FILE = "StemNotebook/StemNotebook-Info.plist";
				IPHONEOS_DEPLOYMENT_TARGET = 6.0;
				OTHER_LDFLAGS = (
					"-ObjC",
					"-all_load",
				);
				PRODUCT_NAME = "$(TARGET_NAME)";
				PROVISIONING_PROFILE = "";
				USER_HEADER_SEARCH_PATHS = "/Users/saraswati/Documents/CapstoneProject/google-api-objectivec-client-read-only/Source/** /Users/saraswati/Documents/CapstoneProject/HardWonKnowledge/StemNotebook/Bookshelf/AQGridView/**";
				WRAPPER_EXTENSION = app;
			};
			name = Debug;
		};
		C762B6C0181DB7B500EB3674 /* Release */ = {
			isa = XCBuildConfiguration;
			buildSettings = {
				CODE_SIGN_IDENTITY = "iPhone Developer";
				"CODE_SIGN_IDENTITY[sdk=iphoneos*]" = "iPhone Developer";
				GCC_PRECOMPILE_PREFIX_HEADER = YES;
				GCC_PREFIX_HEADER = "StemNotebook/StemNotebook-Prefix.pch";
				INFOPLIST_FILE = "StemNotebook/StemNotebook-Info.plist";
				IPHONEOS_DEPLOYMENT_TARGET = 6.0;
				OTHER_LDFLAGS = (
					"-ObjC",
					"-all_load",
				);
				PRODUCT_NAME = "$(TARGET_NAME)";
				PROVISIONING_PROFILE = "";
				USER_HEADER_SEARCH_PATHS = "/Users/saraswati/Documents/CapstoneProject/google-api-objectivec-client-read-only/Source/** /Users/saraswati/Documents/CapstoneProject/HardWonKnowledge/StemNotebook/Bookshelf/AQGridView/**";
				WRAPPER_EXTENSION = app;
			};
			name = Release;
		};
/* End XCBuildConfiguration section */

/* Begin XCConfigurationList section */
		C762B696181DB7B500EB3674 /* Build configuration list for PBXProject "StemNotebook" */ = {
			isa = XCConfigurationList;
			buildConfigurations = (
				C762B6BC181DB7B500EB3674 /* Debug */,
				C762B6BD181DB7B500EB3674 /* Release */,
			);
			defaultConfigurationIsVisible = 0;
			defaultConfigurationName = Release;
		};
		C762B6BE181DB7B500EB3674 /* Build configuration list for PBXNativeTarget "StemNotebook" */ = {
			isa = XCConfigurationList;
			buildConfigurations = (
				C762B6BF181DB7B500EB3674 /* Debug */,
				C762B6C0181DB7B500EB3674 /* Release */,
			);
			defaultConfigurationIsVisible = 0;
			defaultConfigurationName = Release;
		};
/* End XCConfigurationList section */
	};
	rootObject = C762B693181DB7B500EB3674 /* Project object */;
}
