// !$*UTF8*$!
{
	archiveVersion = 1;
	classes = {
	};
	objectVersion = 46;
	objects = {

/* Begin PBXBuildFile section */
		168337891826F76C0069A31E /* PaintSubmenuView.xib in Resources */ = {isa = PBXBuildFile; fileRef = 168337881826F76C0069A31E /* PaintSubmenuView.xib */; };
		C71981AA1850138E00D502E3 /* libGTLTouchStaticLib.a in Frameworks */ = {isa = PBXBuildFile; fileRef = C71981A61850138E00D502E3 /* libGTLTouchStaticLib.a */; };
		C71981AB1850138E00D502E3 /* MobileCoreServices.framework in Frameworks */ = {isa = PBXBuildFile; fileRef = C71981A71850138E00D502E3 /* MobileCoreServices.framework */; };
		C71981AC1850138E00D502E3 /* Security.framework in Frameworks */ = {isa = PBXBuildFile; fileRef = C71981A81850138E00D502E3 /* Security.framework */; };
		C71981AD1850138E00D502E3 /* SystemConfiguration.framework in Frameworks */ = {isa = PBXBuildFile; fileRef = C71981A91850138E00D502E3 /* SystemConfiguration.framework */; };
		C71981AF185014B300D502E3 /* GTMOAuth2ViewTouch.xib in Resources */ = {isa = PBXBuildFile; fileRef = C71981AE185014B300D502E3 /* GTMOAuth2ViewTouch.xib */; };
		C71981B2185015C800D502E3 /* GTLDrive_Sources.m in Sources */ = {isa = PBXBuildFile; fileRef = C71981B0185015C800D502E3 /* GTLDrive_Sources.m */; };
		C74921E4182DB5AA0041F997 /* PaintSubmenuView.m in Sources */ = {isa = PBXBuildFile; fileRef = C74921E3182DB5AA0041F997 /* PaintSubmenuView.m */; };
		C75EF9F518246AAE00C9A725 /* SideBarView.xib in Resources */ = {isa = PBXBuildFile; fileRef = C75EF9F418246AAE00C9A725 /* SideBarView.xib */; };
		C75EF9F818246B3D00C9A725 /* SideBarView.m in Sources */ = {isa = PBXBuildFile; fileRef = C75EF9F718246B3D00C9A725 /* SideBarView.m */; };
		C75EF9FB1826E8E600C9A725 /* PaintView.m in Sources */ = {isa = PBXBuildFile; fileRef = C75EF9FA1826E8E600C9A725 /* PaintView.m */; };
		C762B69F181DB7B500EB3674 /* UIKit.framework in Frameworks */ = {isa = PBXBuildFile; fileRef = C762B69E181DB7B500EB3674 /* UIKit.framework */; };
		C762B6A1181DB7B500EB3674 /* Foundation.framework in Frameworks */ = {isa = PBXBuildFile; fileRef = C762B6A0181DB7B500EB3674 /* Foundation.framework */; };
		C762B6A3181DB7B500EB3674 /* CoreGraphics.framework in Frameworks */ = {isa = PBXBuildFile; fileRef = C762B6A2181DB7B500EB3674 /* CoreGraphics.framework */; };
		C762B6A9181DB7B500EB3674 /* InfoPlist.strings in Resources */ = {isa = PBXBuildFile; fileRef = C762B6A7181DB7B500EB3674 /* InfoPlist.strings */; };
		C762B6AB181DB7B500EB3674 /* main.m in Sources */ = {isa = PBXBuildFile; fileRef = C762B6AA181DB7B500EB3674 /* main.m */; };
		C762B6AF181DB7B500EB3674 /* AppDelegate.m in Sources */ = {isa = PBXBuildFile; fileRef = C762B6AE181DB7B500EB3674 /* AppDelegate.m */; };
		C762B6B1181DB7B500EB3674 /* Default.png in Resources */ = {isa = PBXBuildFile; fileRef = C762B6B0181DB7B500EB3674 /* Default.png */; };
		C762B6B3181DB7B500EB3674 /* Default@2x.png in Resources */ = {isa = PBXBuildFile; fileRef = C762B6B2181DB7B500EB3674 /* Default@2x.png */; };
		C762B6B5181DB7B500EB3674 /* Default-568h@2x.png in Resources */ = {isa = PBXBuildFile; fileRef = C762B6B4181DB7B500EB3674 /* Default-568h@2x.png */; };
		C762B6B8181DB7B500EB3674 /* NotebookViewController.m in Sources */ = {isa = PBXBuildFile; fileRef = C762B6B7181DB7B500EB3674 /* NotebookViewController.m */; };
		C762B6BB181DB7B500EB3674 /* NotebookViewController.xib in Resources */ = {isa = PBXBuildFile; fileRef = C762B6B9181DB7B500EB3674 /* NotebookViewController.xib */; };
		C7AF899F1850D4DC00F6A093 /* DriveManager.m in Sources */ = {isa = PBXBuildFile; fileRef = C7AF899E1850D4DC00F6A093 /* DriveManager.m */; };
		C7E4478F18400DA20059A65F /* MenuSubmenuView.xib in Resources */ = {isa = PBXBuildFile; fileRef = C7E4478E18400DA20059A65F /* MenuSubmenuView.xib */; };
		C7E4479218400E7F0059A65F /* MenuSubmenuView.m in Sources */ = {isa = PBXBuildFile; fileRef = C7E4479118400E7F0059A65F /* MenuSubmenuView.m */; };
		CB3DFED01895E26B00CD0013 /* .gitignore in Resources */ = {isa = PBXBuildFile; fileRef = CB3DFE4F1895E26B00CD0013 /* .gitignore */; };
		CB3DFED11895E26B00CD0013 /* AQGridView.xcworkspace in Resources */ = {isa = PBXBuildFile; fileRef = CB3DFE531895E26B00CD0013 /* AQGridView.xcworkspace */; };
		CB3DFED21895E26B00CD0013 /* AQGridView.m in Sources */ = {isa = PBXBuildFile; fileRef = CB3DFE591895E26B00CD0013 /* AQGridView.m */; };
		CB3DFED31895E26B00CD0013 /* AQGridViewAnimatorItem.m in Sources */ = {isa = PBXBuildFile; fileRef = CB3DFE5B1895E26B00CD0013 /* AQGridViewAnimatorItem.m */; };
		CB3DFED41895E26B00CD0013 /* AQGridViewCell.m in Sources */ = {isa = PBXBuildFile; fileRef = CB3DFE5E1895E26B00CD0013 /* AQGridViewCell.m */; };
		CB3DFED51895E26B00CD0013 /* AQGridViewController.m in Sources */ = {isa = PBXBuildFile; fileRef = CB3DFE601895E26B00CD0013 /* AQGridViewController.m */; };
		CB3DFED61895E26B00CD0013 /* AQGridViewData.m in Sources */ = {isa = PBXBuildFile; fileRef = CB3DFE621895E26B00CD0013 /* AQGridViewData.m */; };
		CB3DFED71895E26B00CD0013 /* AQGridViewUpdateInfo.m in Sources */ = {isa = PBXBuildFile; fileRef = CB3DFE641895E26B00CD0013 /* AQGridViewUpdateInfo.m */; };
		CB3DFED81895E26B00CD0013 /* AQGridViewUpdateItem.m in Sources */ = {isa = PBXBuildFile; fileRef = CB3DFE661895E26B00CD0013 /* AQGridViewUpdateItem.m */; };
		CB3DFED91895E26B00CD0013 /* NSIndexSet+AQIndexesOutsideSet.m in Sources */ = {isa = PBXBuildFile; fileRef = CB3DFE681895E26B00CD0013 /* NSIndexSet+AQIndexesOutsideSet.m */; };
		CB3DFEDA1895E26B00CD0013 /* NSIndexSet+AQIsSetContiguous.m in Sources */ = {isa = PBXBuildFile; fileRef = CB3DFE6A1895E26B00CD0013 /* NSIndexSet+AQIsSetContiguous.m */; };
		CB3DFEDB1895E26B00CD0013 /* UIColor+AQGridView.m in Sources */ = {isa = PBXBuildFile; fileRef = CB3DFE6C1895E26B00CD0013 /* UIColor+AQGridView.m */; };
		CB3DFEDC1895E26B00CD0013 /* .gitignore in Resources */ = {isa = PBXBuildFile; fileRef = CB3DFE6F1895E26B00CD0013 /* .gitignore */; };
		CB3DFEDD1895E26B00CD0013 /* ExpanderDemoAppDelegate.m in Sources */ = {isa = PBXBuildFile; fileRef = CB3DFE721895E26B00CD0013 /* ExpanderDemoAppDelegate.m */; };
		CB3DFEDE1895E26B00CD0013 /* ExpanderDemoViewController.m in Sources */ = {isa = PBXBuildFile; fileRef = CB3DFE741895E26B00CD0013 /* ExpanderDemoViewController.m */; };
		CB3DFEDF1895E26B00CD0013 /* ExpandFromGridViewCell.m in Sources */ = {isa = PBXBuildFile; fileRef = CB3DFE761895E26B00CD0013 /* ExpandFromGridViewCell.m */; };
		CB3DFEE01895E26B00CD0013 /* ExpandingGridViewController.m in Sources */ = {isa = PBXBuildFile; fileRef = CB3DFE781895E26B00CD0013 /* ExpandingGridViewController.m */; };
		CB3DFEE11895E26B00CD0013 /* ImageGridViewCell.m in Sources */ = {isa = PBXBuildFile; fileRef = CB3DFE7A1895E26B00CD0013 /* ImageGridViewCell.m */; };
		CB3DFEE21895E26B00CD0013 /* ExpanderDemoViewController.xib in Resources */ = {isa = PBXBuildFile; fileRef = CB3DFE7B1895E26B00CD0013 /* ExpanderDemoViewController.xib */; };
		CB3DFEE31895E26B00CD0013 /* InfoPlist.strings in Resources */ = {isa = PBXBuildFile; fileRef = CB3DFE7D1895E26B00CD0013 /* InfoPlist.strings */; };
		CB3DFEE41895E26B00CD0013 /* MainWindow.xib in Resources */ = {isa = PBXBuildFile; fileRef = CB3DFE7F1895E26B00CD0013 /* MainWindow.xib */; };
		CB3DFEE51895E26B00CD0013 /* ExpanderDemo-Info.plist in Resources */ = {isa = PBXBuildFile; fileRef = CB3DFE811895E26B00CD0013 /* ExpanderDemo-Info.plist */; };
		CB3DFEE61895E26B00CD0013 /* main.m in Sources */ = {isa = PBXBuildFile; fileRef = CB3DFE861895E26B00CD0013 /* main.m */; };
		CB3DFEE71895E26B00CD0013 /* .gitignore in Resources */ = {isa = PBXBuildFile; fileRef = CB3DFE881895E26B00CD0013 /* .gitignore */; };
		CB3DFEE81895E26B00CD0013 /* ImageDemoAppDelegate.m in Sources */ = {isa = PBXBuildFile; fileRef = CB3DFE8B1895E26B00CD0013 /* ImageDemoAppDelegate.m */; };
		CB3DFEE91895E26B00CD0013 /* ImageDemoCellChooser.m in Sources */ = {isa = PBXBuildFile; fileRef = CB3DFE8D1895E26B00CD0013 /* ImageDemoCellChooser.m */; };
		CB3DFEEA1895E26B00CD0013 /* ImageDemoFilledCell.m in Sources */ = {isa = PBXBuildFile; fileRef = CB3DFE8F1895E26B00CD0013 /* ImageDemoFilledCell.m */; };
		CB3DFEEB1895E26B00CD0013 /* ImageDemoGridViewCell.m in Sources */ = {isa = PBXBuildFile; fileRef = CB3DFE911895E26B00CD0013 /* ImageDemoGridViewCell.m */; };
		CB3DFEEC1895E26B00CD0013 /* ImageDemoViewController.m in Sources */ = {isa = PBXBuildFile; fileRef = CB3DFE931895E26B00CD0013 /* ImageDemoViewController.m */; };
		CB3DFEED1895E26B00CD0013 /* ImageDemo-Info.plist in Resources */ = {isa = PBXBuildFile; fileRef = CB3DFE941895E26B00CD0013 /* ImageDemo-Info.plist */; };
		CB3DFEEE1895E26B00CD0013 /* ImageDemoViewController.xib in Resources */ = {isa = PBXBuildFile; fileRef = CB3DFE991895E26B00CD0013 /* ImageDemoViewController.xib */; };
		CB3DFEEF1895E26B00CD0013 /* 3D-simplicity.png in Resources */ = {isa = PBXBuildFile; fileRef = CB3DFE9B1895E26B00CD0013 /* 3D-simplicity.png */; };
		CB3DFEF01895E26B00CD0013 /* AppleTV-esque_by-mikelcroft_nl-1440.png in Resources */ = {isa = PBXBuildFile; fileRef = CB3DFE9C1895E26B00CD0013 /* AppleTV-esque_by-mikelcroft_nl-1440.png */; };
		CB3DFEF11895E26B00CD0013 /* batman_surfing_on_superman.png in Resources */ = {isa = PBXBuildFile; fileRef = CB3DFE9D1895E26B00CD0013 /* batman_surfing_on_superman.png */; };
		CB3DFEF21895E26B00CD0013 /* coffee-break_.png in Resources */ = {isa = PBXBuildFile; fileRef = CB3DFE9E1895E26B00CD0013 /* coffee-break_.png */; };
		CB3DFEF31895E26B00CD0013 /* colorful_1440x900.png in Resources */ = {isa = PBXBuildFile; fileRef = CB3DFE9F1895E26B00CD0013 /* colorful_1440x900.png */; };
		CB3DFEF41895E26B00CD0013 /* Composition53.png in Resources */ = {isa = PBXBuildFile; fileRef = CB3DFEA01895E26B00CD0013 /* Composition53.png */; };
		CB3DFEF51895E26B00CD0013 /* Dragon.png in Resources */ = {isa = PBXBuildFile; fileRef = CB3DFEA11895E26B00CD0013 /* Dragon.png */; };
		CB3DFEF61895E26B00CD0013 /* eclipse.png in Resources */ = {isa = PBXBuildFile; fileRef = CB3DFEA21895E26B00CD0013 /* eclipse.png */; };
		CB3DFEF71895E26B00CD0013 /* face.png in Resources */ = {isa = PBXBuildFile; fileRef = CB3DFEA31895E26B00CD0013 /* face.png */; };
		CB3DFEF81895E26B00CD0013 /* focus.png in Resources */ = {isa = PBXBuildFile; fileRef = CB3DFEA41895E26B00CD0013 /* focus.png */; };
		CB3DFEF91895E26B00CD0013 /* gbo.png in Resources */ = {isa = PBXBuildFile; fileRef = CB3DFEA51895E26B00CD0013 /* gbo.png */; };
		CB3DFEFA1895E26B00CD0013 /* Green_Plant_(2560x1600).png in Resources */ = {isa = PBXBuildFile; fileRef = CB3DFEA61895E26B00CD0013 /* Green_Plant_(2560x1600).png */; };
		CB3DFEFB1895E26B00CD0013 /* grounded.png in Resources */ = {isa = PBXBuildFile; fileRef = CB3DFEA71895E26B00CD0013 /* grounded.png */; };
		CB3DFEFC1895E26B00CD0013 /* happy.png in Resources */ = {isa = PBXBuildFile; fileRef = CB3DFEA81895E26B00CD0013 /* happy.png */; };
		CB3DFEFD1895E26B00CD0013 /* LeatherHoles-Apple.png in Resources */ = {isa = PBXBuildFile; fileRef = CB3DFEA91895E26B00CD0013 /* LeatherHoles-Apple.png */; };
		CB3DFEFE1895E26B00CD0013 /* Let_it_snow_by_mj_coffeeholick.png in Resources */ = {isa = PBXBuildFile; fileRef = CB3DFEAA1895E26B00CD0013 /* Let_it_snow_by_mj_coffeeholick.png */; };
		CB3DFEFF1895E26B00CD0013 /* Luxury_Apple_by_Stratification.png in Resources */ = {isa = PBXBuildFile; fileRef = CB3DFEAB1895E26B00CD0013 /* Luxury_Apple_by_Stratification.png */; };
		CB3DFF001895E26B00CD0013 /* MacMini.png in Resources */ = {isa = PBXBuildFile; fileRef = CB3DFEAC1895E26B00CD0013 /* MacMini.png */; };
		CB3DFF011895E26B00CD0013 /* SlaveKingGod.png in Resources */ = {isa = PBXBuildFile; fileRef = CB3DFEAD1895E26B00CD0013 /* SlaveKingGod.png */; };
		CB3DFF021895E26B00CD0013 /* Snow_Leopard_by_vladstudio.png in Resources */ = {isa = PBXBuildFile; fileRef = CB3DFEAE1895E26B00CD0013 /* Snow_Leopard_by_vladstudio.png */; };
		CB3DFF031895E26B00CD0013 /* Space Fold.png in Resources */ = {isa = PBXBuildFile; fileRef = CB3DFEAF1895E26B00CD0013 /* Space Fold.png */; };
		CB3DFF041895E26B00CD0013 /* Stormcloud_Schmeisser.png in Resources */ = {isa = PBXBuildFile; fileRef = CB3DFEB01895E26B00CD0013 /* Stormcloud_Schmeisser.png */; };
		CB3DFF051895E26B00CD0013 /* tiamat.png in Resources */ = {isa = PBXBuildFile; fileRef = CB3DFEB11895E26B00CD0013 /* tiamat.png */; };
		CB3DFF061895E26B00CD0013 /* WTF.png in Resources */ = {isa = PBXBuildFile; fileRef = CB3DFEB21895E26B00CD0013 /* WTF.png */; };
		CB3DFF071895E26B00CD0013 /* main.m in Sources */ = {isa = PBXBuildFile; fileRef = CB3DFEB31895E26B00CD0013 /* main.m */; };
		CB3DFF081895E26B00CD0013 /* MainWindow.xib in Resources */ = {isa = PBXBuildFile; fileRef = CB3DFEB41895E26B00CD0013 /* MainWindow.xib */; };
		CB3DFF091895E26B00CD0013 /* .gitignore in Resources */ = {isa = PBXBuildFile; fileRef = CB3DFEB61895E26B00CD0013 /* .gitignore */; };
		CB3DFF0A1895E26B00CD0013 /* background.png in Resources */ = {isa = PBXBuildFile; fileRef = CB3DFEB71895E26B00CD0013 /* background.png */; };
		CB3DFF0B1895E26B00CD0013 /* SpringBoardAppDelegate.m in Sources */ = {isa = PBXBuildFile; fileRef = CB3DFEBA1895E26B00CD0013 /* SpringBoardAppDelegate.m */; };
		CB3DFF0C1895E26B00CD0013 /* SpringBoardIconCell.m in Sources */ = {isa = PBXBuildFile; fileRef = CB3DFEBC1895E26B00CD0013 /* SpringBoardIconCell.m */; };
		CB3DFF0D1895E26B00CD0013 /* SpringBoardViewController.m in Sources */ = {isa = PBXBuildFile; fileRef = CB3DFEBE1895E26B00CD0013 /* SpringBoardViewController.m */; };
		CB3DFF0E1895E26B00CD0013 /* main.m in Sources */ = {isa = PBXBuildFile; fileRef = CB3DFEBF1895E26B00CD0013 /* main.m */; };
		CB3DFF0F1895E26B00CD0013 /* MainWindow.xib in Resources */ = {isa = PBXBuildFile; fileRef = CB3DFEC01895E26B00CD0013 /* MainWindow.xib */; };
		CB3DFF101895E26B00CD0013 /* SpringBoard-Info.plist in Resources */ = {isa = PBXBuildFile; fileRef = CB3DFEC11895E26B00CD0013 /* SpringBoard-Info.plist */; };
		CB3DFF111895E26B00CD0013 /* LICENSE in Resources */ = {isa = PBXBuildFile; fileRef = CB3DFEC61895E26B00CD0013 /* LICENSE */; };
		CB3DFF121895E26B00CD0013 /* README.textile in Resources */ = {isa = PBXBuildFile; fileRef = CB3DFEC71895E26B00CD0013 /* README.textile */; };
		CB3DFF131895E26B00CD0013 /* AQGridSelection.png in Resources */ = {isa = PBXBuildFile; fileRef = CB3DFEC91895E26B00CD0013 /* AQGridSelection.png */; };
		CB3DFF141895E26B00CD0013 /* AQGridSelectionGray.png in Resources */ = {isa = PBXBuildFile; fileRef = CB3DFECA1895E26B00CD0013 /* AQGridSelectionGray.png */; };
		CB3DFF151895E26B00CD0013 /* AQGridSelectionGrayBlue.png in Resources */ = {isa = PBXBuildFile; fileRef = CB3DFECB1895E26B00CD0013 /* AQGridSelectionGrayBlue.png */; };
		CB3DFF161895E26B00CD0013 /* AQGridSelectionGreen.png in Resources */ = {isa = PBXBuildFile; fileRef = CB3DFECC1895E26B00CD0013 /* AQGridSelectionGreen.png */; };
		CB3DFF171895E26B00CD0013 /* AQGridSelectionRed.png in Resources */ = {isa = PBXBuildFile; fileRef = CB3DFECD1895E26B00CD0013 /* AQGridSelectionRed.png */; };
		CB3DFF181895E26B00CD0013 /* embed_png.sh in Resources */ = {isa = PBXBuildFile; fileRef = CB3DFECF1895E26B00CD0013 /* embed_png.sh */; };
		CB3DFF271895E31200CD0013 /* libAQGridView.a in Frameworks */ = {isa = PBXBuildFile; fileRef = CB3DFF1B1895E26C00CD0013 /* libAQGridView.a */; };
/* End PBXBuildFile section */

/* Begin PBXContainerItemProxy section */
		CB3DFF1A1895E26C00CD0013 /* PBXContainerItemProxy */ = {
			isa = PBXContainerItemProxy;
			containerPortal = CB3DFE501895E26B00CD0013 /* AQGridView.xcodeproj */;
			proxyType = 2;
			remoteGlobalIDString = D2AAC07E0554694100DB518D;
			remoteInfo = AQGridView;
		};
		CB3DFF1D1895E26C00CD0013 /* PBXContainerItemProxy */ = {
			isa = PBXContainerItemProxy;
			containerPortal = CB3DFE821895E26B00CD0013 /* ExpanderDemo.xcodeproj */;
			proxyType = 2;
			remoteGlobalIDString = 38D6F06912197E62006909B6;
			remoteInfo = ExpanderDemo;
		};
		CB3DFF201895E26C00CD0013 /* PBXContainerItemProxy */ = {
			isa = PBXContainerItemProxy;
			containerPortal = CB3DFE951895E26B00CD0013 /* ImageDemo.xcodeproj */;
			proxyType = 2;
			remoteGlobalIDString = 1D6058910D05DD3D006BFB54;
			remoteInfo = ImageDemo;
		};
		CB3DFF231895E26C00CD0013 /* PBXContainerItemProxy */ = {
			isa = PBXContainerItemProxy;
			containerPortal = CB3DFEC21895E26B00CD0013 /* SpringBoard.xcodeproj */;
			proxyType = 2;
			remoteGlobalIDString = 1D6058910D05DD3D006BFB54;
			remoteInfo = SpringBoard;
		};
		CB3DFF251895E30000CD0013 /* PBXContainerItemProxy */ = {
			isa = PBXContainerItemProxy;
			containerPortal = CB3DFE501895E26B00CD0013 /* AQGridView.xcodeproj */;
			proxyType = 1;
			remoteGlobalIDString = D2AAC07D0554694100DB518D;
			remoteInfo = AQGridView;
		};
/* End PBXContainerItemProxy section */

/* Begin PBXFileReference section */
		168337881826F76C0069A31E /* PaintSubmenuView.xib */ = {isa = PBXFileReference; fileEncoding = 4; lastKnownFileType = file.xib; path = PaintSubmenuView.xib; sourceTree = "<group>"; };
		C71981A61850138E00D502E3 /* libGTLTouchStaticLib.a */ = {isa = PBXFileReference; lastKnownFileType = archive.ar; name = libGTLTouchStaticLib.a; path = "../google-api-objectivec-client-read-only/Source/build/Debug-iphoneos/libGTLTouchStaticLib.a"; sourceTree = "<group>"; };
		C71981A71850138E00D502E3 /* MobileCoreServices.framework */ = {isa = PBXFileReference; lastKnownFileType = wrapper.framework; name = MobileCoreServices.framework; path = System/Library/Frameworks/MobileCoreServices.framework; sourceTree = SDKROOT; };
		C71981A81850138E00D502E3 /* Security.framework */ = {isa = PBXFileReference; lastKnownFileType = wrapper.framework; name = Security.framework; path = System/Library/Frameworks/Security.framework; sourceTree = SDKROOT; };
		C71981A91850138E00D502E3 /* SystemConfiguration.framework */ = {isa = PBXFileReference; lastKnownFileType = wrapper.framework; name = SystemConfiguration.framework; path = System/Library/Frameworks/SystemConfiguration.framework; sourceTree = SDKROOT; };
		C71981AE185014B300D502E3 /* GTMOAuth2ViewTouch.xib */ = {isa = PBXFileReference; fileEncoding = 4; lastKnownFileType = file.xib; path = GTMOAuth2ViewTouch.xib; sourceTree = "<group>"; };
		C71981B0185015C800D502E3 /* GTLDrive_Sources.m */ = {isa = PBXFileReference; fileEncoding = 4; lastKnownFileType = sourcecode.c.objc; path = GTLDrive_Sources.m; sourceTree = "<group>"; };
		C71981B1185015C800D502E3 /* GTLDrive.h */ = {isa = PBXFileReference; fileEncoding = 4; lastKnownFileType = sourcecode.c.h; path = GTLDrive.h; sourceTree = "<group>"; };
		C7233B4A182DB4E200CFE9B9 /* NotebookViewDelegate.h */ = {isa = PBXFileReference; fileEncoding = 4; lastKnownFileType = sourcecode.c.h; path = NotebookViewDelegate.h; sourceTree = "<group>"; };
		C74921E2182DB5AA0041F997 /* PaintSubmenuView.h */ = {isa = PBXFileReference; fileEncoding = 4; lastKnownFileType = sourcecode.c.h; path = PaintSubmenuView.h; sourceTree = "<group>"; };
		C74921E3182DB5AA0041F997 /* PaintSubmenuView.m */ = {isa = PBXFileReference; fileEncoding = 4; lastKnownFileType = sourcecode.c.objc; path = PaintSubmenuView.m; sourceTree = "<group>"; };
		C75EF9F418246AAE00C9A725 /* SideBarView.xib */ = {isa = PBXFileReference; fileEncoding = 4; lastKnownFileType = file.xib; path = SideBarView.xib; sourceTree = "<group>"; };
		C75EF9F618246B3D00C9A725 /* SideBarView.h */ = {isa = PBXFileReference; fileEncoding = 4; lastKnownFileType = sourcecode.c.h; path = SideBarView.h; sourceTree = "<group>"; };
		C75EF9F718246B3D00C9A725 /* SideBarView.m */ = {isa = PBXFileReference; fileEncoding = 4; lastKnownFileType = sourcecode.c.objc; path = SideBarView.m; sourceTree = "<group>"; };
		C75EF9F91826E8E600C9A725 /* PaintView.h */ = {isa = PBXFileReference; fileEncoding = 4; lastKnownFileType = sourcecode.c.h; path = PaintView.h; sourceTree = "<group>"; };
		C75EF9FA1826E8E600C9A725 /* PaintView.m */ = {isa = PBXFileReference; fileEncoding = 4; lastKnownFileType = sourcecode.c.objc; path = PaintView.m; sourceTree = "<group>"; };
		C762B69B181DB7B500EB3674 /* StemNotebook.app */ = {isa = PBXFileReference; explicitFileType = wrapper.application; includeInIndex = 0; path = StemNotebook.app; sourceTree = BUILT_PRODUCTS_DIR; };
		C762B69E181DB7B500EB3674 /* UIKit.framework */ = {isa = PBXFileReference; lastKnownFileType = wrapper.framework; name = UIKit.framework; path = System/Library/Frameworks/UIKit.framework; sourceTree = SDKROOT; };
		C762B6A0181DB7B500EB3674 /* Foundation.framework */ = {isa = PBXFileReference; lastKnownFileType = wrapper.framework; name = Foundation.framework; path = System/Library/Frameworks/Foundation.framework; sourceTree = SDKROOT; };
		C762B6A2181DB7B500EB3674 /* CoreGraphics.framework */ = {isa = PBXFileReference; lastKnownFileType = wrapper.framework; name = CoreGraphics.framework; path = System/Library/Frameworks/CoreGraphics.framework; sourceTree = SDKROOT; };
		C762B6A6181DB7B500EB3674 /* StemNotebook-Info.plist */ = {isa = PBXFileReference; lastKnownFileType = text.plist.xml; path = "StemNotebook-Info.plist"; sourceTree = "<group>"; };
		C762B6A8181DB7B500EB3674 /* en */ = {isa = PBXFileReference; lastKnownFileType = text.plist.strings; name = en; path = en.lproj/InfoPlist.strings; sourceTree = "<group>"; };
		C762B6AA181DB7B500EB3674 /* main.m */ = {isa = PBXFileReference; lastKnownFileType = sourcecode.c.objc; path = main.m; sourceTree = "<group>"; };
		C762B6AC181DB7B500EB3674 /* StemNotebook-Prefix.pch */ = {isa = PBXFileReference; lastKnownFileType = sourcecode.c.h; path = "StemNotebook-Prefix.pch"; sourceTree = "<group>"; };
		C762B6AD181DB7B500EB3674 /* AppDelegate.h */ = {isa = PBXFileReference; lastKnownFileType = sourcecode.c.h; path = AppDelegate.h; sourceTree = "<group>"; };
		C762B6AE181DB7B500EB3674 /* AppDelegate.m */ = {isa = PBXFileReference; lastKnownFileType = sourcecode.c.objc; path = AppDelegate.m; sourceTree = "<group>"; };
		C762B6B0181DB7B500EB3674 /* Default.png */ = {isa = PBXFileReference; lastKnownFileType = image.png; path = Default.png; sourceTree = "<group>"; };
		C762B6B2181DB7B500EB3674 /* Default@2x.png */ = {isa = PBXFileReference; lastKnownFileType = image.png; path = "Default@2x.png"; sourceTree = "<group>"; };
		C762B6B4181DB7B500EB3674 /* Default-568h@2x.png */ = {isa = PBXFileReference; lastKnownFileType = image.png; path = "Default-568h@2x.png"; sourceTree = "<group>"; };
		C762B6B6181DB7B500EB3674 /* NotebookViewController.h */ = {isa = PBXFileReference; lastKnownFileType = sourcecode.c.h; path = NotebookViewController.h; sourceTree = "<group>"; };
		C762B6B7181DB7B500EB3674 /* NotebookViewController.m */ = {isa = PBXFileReference; lastKnownFileType = sourcecode.c.objc; path = NotebookViewController.m; sourceTree = "<group>"; };
		C762B6BA181DB7B500EB3674 /* en */ = {isa = PBXFileReference; lastKnownFileType = file.xib; name = en; path = en.lproj/NotebookViewController.xib; sourceTree = "<group>"; };
		C7AF899D1850D4DC00F6A093 /* DriveManager.h */ = {isa = PBXFileReference; fileEncoding = 4; lastKnownFileType = sourcecode.c.h; path = DriveManager.h; sourceTree = "<group>"; };
		C7AF899E1850D4DC00F6A093 /* DriveManager.m */ = {isa = PBXFileReference; fileEncoding = 4; lastKnownFileType = sourcecode.c.objc; path = DriveManager.m; sourceTree = "<group>"; };
		C7E4478E18400DA20059A65F /* MenuSubmenuView.xib */ = {isa = PBXFileReference; fileEncoding = 4; lastKnownFileType = file.xib; path = MenuSubmenuView.xib; sourceTree = "<group>"; };
		C7E4479018400E7F0059A65F /* MenuSubmenuView.h */ = {isa = PBXFileReference; fileEncoding = 4; lastKnownFileType = sourcecode.c.h; path = MenuSubmenuView.h; sourceTree = "<group>"; };
		C7E4479118400E7F0059A65F /* MenuSubmenuView.m */ = {isa = PBXFileReference; fileEncoding = 4; lastKnownFileType = sourcecode.c.objc; path = MenuSubmenuView.m; sourceTree = "<group>"; };
		CB3DFE4F1895E26B00CD0013 /* .gitignore */ = {isa = PBXFileReference; fileEncoding = 4; lastKnownFileType = text; path = .gitignore; sourceTree = "<group>"; };
		CB3DFE501895E26B00CD0013 /* AQGridView.xcodeproj */ = {isa = PBXFileReference; lastKnownFileType = "wrapper.pb-project"; path = AQGridView.xcodeproj; sourceTree = "<group>"; };
		CB3DFE531895E26B00CD0013 /* AQGridView.xcworkspace */ = {isa = PBXFileReference; lastKnownFileType = wrapper.workspace; path = AQGridView.xcworkspace; sourceTree = "<group>"; };
		CB3DFE541895E26B00CD0013 /* AQGridView_Prefix.pch */ = {isa = PBXFileReference; fileEncoding = 4; lastKnownFileType = sourcecode.c.h; path = AQGridView_Prefix.pch; sourceTree = "<group>"; };
		CB3DFE561895E26B00CD0013 /* AQGridView+CellLayout.h */ = {isa = PBXFileReference; fileEncoding = 4; lastKnownFileType = sourcecode.c.h; path = "AQGridView+CellLayout.h"; sourceTree = "<group>"; };
		CB3DFE571895E26B00CD0013 /* AQGridView+CellLocationDelegation.h */ = {isa = PBXFileReference; fileEncoding = 4; lastKnownFileType = sourcecode.c.h; path = "AQGridView+CellLocationDelegation.h"; sourceTree = "<group>"; };
		CB3DFE581895E26B00CD0013 /* AQGridView.h */ = {isa = PBXFileReference; fileEncoding = 4; lastKnownFileType = sourcecode.c.h; path = AQGridView.h; sourceTree = "<group>"; };
		CB3DFE591895E26B00CD0013 /* AQGridView.m */ = {isa = PBXFileReference; fileEncoding = 4; lastKnownFileType = sourcecode.c.objc; path = AQGridView.m; sourceTree = "<group>"; };
		CB3DFE5A1895E26B00CD0013 /* AQGridViewAnimatorItem.h */ = {isa = PBXFileReference; fileEncoding = 4; lastKnownFileType = sourcecode.c.h; path = AQGridViewAnimatorItem.h; sourceTree = "<group>"; };
		CB3DFE5B1895E26B00CD0013 /* AQGridViewAnimatorItem.m */ = {isa = PBXFileReference; fileEncoding = 4; lastKnownFileType = sourcecode.c.objc; path = AQGridViewAnimatorItem.m; sourceTree = "<group>"; };
		CB3DFE5C1895E26B00CD0013 /* AQGridViewCell+AQGridViewCellPrivate.h */ = {isa = PBXFileReference; fileEncoding = 4; lastKnownFileType = sourcecode.c.h; path = "AQGridViewCell+AQGridViewCellPrivate.h"; sourceTree = "<group>"; };
		CB3DFE5D1895E26B00CD0013 /* AQGridViewCell.h */ = {isa = PBXFileReference; fileEncoding = 4; lastKnownFileType = sourcecode.c.h; path = AQGridViewCell.h; sourceTree = "<group>"; };
		CB3DFE5E1895E26B00CD0013 /* AQGridViewCell.m */ = {isa = PBXFileReference; fileEncoding = 4; lastKnownFileType = sourcecode.c.objc; path = AQGridViewCell.m; sourceTree = "<group>"; };
		CB3DFE5F1895E26B00CD0013 /* AQGridViewController.h */ = {isa = PBXFileReference; fileEncoding = 4; lastKnownFileType = sourcecode.c.h; path = AQGridViewController.h; sourceTree = "<group>"; };
		CB3DFE601895E26B00CD0013 /* AQGridViewController.m */ = {isa = PBXFileReference; fileEncoding = 4; lastKnownFileType = sourcecode.c.objc; path = AQGridViewController.m; sourceTree = "<group>"; };
		CB3DFE611895E26B00CD0013 /* AQGridViewData.h */ = {isa = PBXFileReference; fileEncoding = 4; lastKnownFileType = sourcecode.c.h; path = AQGridViewData.h; sourceTree = "<group>"; };
		CB3DFE621895E26B00CD0013 /* AQGridViewData.m */ = {isa = PBXFileReference; fileEncoding = 4; lastKnownFileType = sourcecode.c.objc; path = AQGridViewData.m; sourceTree = "<group>"; };
		CB3DFE631895E26B00CD0013 /* AQGridViewUpdateInfo.h */ = {isa = PBXFileReference; fileEncoding = 4; lastKnownFileType = sourcecode.c.h; path = AQGridViewUpdateInfo.h; sourceTree = "<group>"; };
		CB3DFE641895E26B00CD0013 /* AQGridViewUpdateInfo.m */ = {isa = PBXFileReference; fileEncoding = 4; lastKnownFileType = sourcecode.c.objc; path = AQGridViewUpdateInfo.m; sourceTree = "<group>"; };
		CB3DFE651895E26B00CD0013 /* AQGridViewUpdateItem.h */ = {isa = PBXFileReference; fileEncoding = 4; lastKnownFileType = sourcecode.c.h; path = AQGridViewUpdateItem.h; sourceTree = "<group>"; };
		CB3DFE661895E26B00CD0013 /* AQGridViewUpdateItem.m */ = {isa = PBXFileReference; fileEncoding = 4; lastKnownFileType = sourcecode.c.objc; path = AQGridViewUpdateItem.m; sourceTree = "<group>"; };
		CB3DFE671895E26B00CD0013 /* NSIndexSet+AQIndexesOutsideSet.h */ = {isa = PBXFileReference; fileEncoding = 4; lastKnownFileType = sourcecode.c.h; path = "NSIndexSet+AQIndexesOutsideSet.h"; sourceTree = "<group>"; };
		CB3DFE681895E26B00CD0013 /* NSIndexSet+AQIndexesOutsideSet.m */ = {isa = PBXFileReference; fileEncoding = 4; lastKnownFileType = sourcecode.c.objc; path = "NSIndexSet+AQIndexesOutsideSet.m"; sourceTree = "<group>"; };
		CB3DFE691895E26B00CD0013 /* NSIndexSet+AQIsSetContiguous.h */ = {isa = PBXFileReference; fileEncoding = 4; lastKnownFileType = sourcecode.c.h; path = "NSIndexSet+AQIsSetContiguous.h"; sourceTree = "<group>"; };
		CB3DFE6A1895E26B00CD0013 /* NSIndexSet+AQIsSetContiguous.m */ = {isa = PBXFileReference; fileEncoding = 4; lastKnownFileType = sourcecode.c.objc; path = "NSIndexSet+AQIsSetContiguous.m"; sourceTree = "<group>"; };
		CB3DFE6B1895E26B00CD0013 /* UIColor+AQGridView.h */ = {isa = PBXFileReference; fileEncoding = 4; lastKnownFileType = sourcecode.c.h; path = "UIColor+AQGridView.h"; sourceTree = "<group>"; };
		CB3DFE6C1895E26B00CD0013 /* UIColor+AQGridView.m */ = {isa = PBXFileReference; fileEncoding = 4; lastKnownFileType = sourcecode.c.objc; path = "UIColor+AQGridView.m"; sourceTree = "<group>"; };
		CB3DFE6F1895E26B00CD0013 /* .gitignore */ = {isa = PBXFileReference; fileEncoding = 4; lastKnownFileType = text; path = .gitignore; sourceTree = "<group>"; };
		CB3DFE711895E26B00CD0013 /* ExpanderDemoAppDelegate.h */ = {isa = PBXFileReference; fileEncoding = 4; lastKnownFileType = sourcecode.c.h; path = ExpanderDemoAppDelegate.h; sourceTree = "<group>"; };
		CB3DFE721895E26B00CD0013 /* ExpanderDemoAppDelegate.m */ = {isa = PBXFileReference; fileEncoding = 4; lastKnownFileType = sourcecode.c.objc; path = ExpanderDemoAppDelegate.m; sourceTree = "<group>"; };
		CB3DFE731895E26B00CD0013 /* ExpanderDemoViewController.h */ = {isa = PBXFileReference; fileEncoding = 4; lastKnownFileType = sourcecode.c.h; path = ExpanderDemoViewController.h; sourceTree = "<group>"; };
		CB3DFE741895E26B00CD0013 /* ExpanderDemoViewController.m */ = {isa = PBXFileReference; fileEncoding = 4; lastKnownFileType = sourcecode.c.objc; path = ExpanderDemoViewController.m; sourceTree = "<group>"; };
		CB3DFE751895E26B00CD0013 /* ExpandFromGridViewCell.h */ = {isa = PBXFileReference; fileEncoding = 4; lastKnownFileType = sourcecode.c.h; path = ExpandFromGridViewCell.h; sourceTree = "<group>"; };
		CB3DFE761895E26B00CD0013 /* ExpandFromGridViewCell.m */ = {isa = PBXFileReference; fileEncoding = 4; lastKnownFileType = sourcecode.c.objc; path = ExpandFromGridViewCell.m; sourceTree = "<group>"; };
		CB3DFE771895E26B00CD0013 /* ExpandingGridViewController.h */ = {isa = PBXFileReference; fileEncoding = 4; lastKnownFileType = sourcecode.c.h; path = ExpandingGridViewController.h; sourceTree = "<group>"; };
		CB3DFE781895E26B00CD0013 /* ExpandingGridViewController.m */ = {isa = PBXFileReference; fileEncoding = 4; lastKnownFileType = sourcecode.c.objc; path = ExpandingGridViewController.m; sourceTree = "<group>"; };
		CB3DFE791895E26B00CD0013 /* ImageGridViewCell.h */ = {isa = PBXFileReference; fileEncoding = 4; lastKnownFileType = sourcecode.c.h; path = ImageGridViewCell.h; sourceTree = "<group>"; };
		CB3DFE7A1895E26B00CD0013 /* ImageGridViewCell.m */ = {isa = PBXFileReference; fileEncoding = 4; lastKnownFileType = sourcecode.c.objc; path = ImageGridViewCell.m; sourceTree = "<group>"; };
		CB3DFE7C1895E26B00CD0013 /* en */ = {isa = PBXFileReference; lastKnownFileType = file.xib; name = en; path = en.lproj/ExpanderDemoViewController.xib; sourceTree = "<group>"; };
		CB3DFE7E1895E26B00CD0013 /* en */ = {isa = PBXFileReference; lastKnownFileType = text.plist.strings; name = en; path = en.lproj/InfoPlist.strings; sourceTree = "<group>"; };
		CB3DFE801895E26B00CD0013 /* en */ = {isa = PBXFileReference; lastKnownFileType = file.xib; name = en; path = en.lproj/MainWindow.xib; sourceTree = "<group>"; };
		CB3DFE811895E26B00CD0013 /* ExpanderDemo-Info.plist */ = {isa = PBXFileReference; fileEncoding = 4; lastKnownFileType = text.plist.xml; path = "ExpanderDemo-Info.plist"; sourceTree = "<group>"; };
		CB3DFE821895E26B00CD0013 /* ExpanderDemo.xcodeproj */ = {isa = PBXFileReference; lastKnownFileType = "wrapper.pb-project"; path = ExpanderDemo.xcodeproj; sourceTree = "<group>"; };
		CB3DFE851895E26B00CD0013 /* ExpanderDemo_Prefix.pch */ = {isa = PBXFileReference; fileEncoding = 4; lastKnownFileType = sourcecode.c.h; path = ExpanderDemo_Prefix.pch; sourceTree = "<group>"; };
		CB3DFE861895E26B00CD0013 /* main.m */ = {isa = PBXFileReference; fileEncoding = 4; lastKnownFileType = sourcecode.c.objc; path = main.m; sourceTree = "<group>"; };
		CB3DFE881895E26B00CD0013 /* .gitignore */ = {isa = PBXFileReference; fileEncoding = 4; lastKnownFileType = text; path = .gitignore; sourceTree = "<group>"; };
		CB3DFE8A1895E26B00CD0013 /* ImageDemoAppDelegate.h */ = {isa = PBXFileReference; fileEncoding = 4; lastKnownFileType = sourcecode.c.h; path = ImageDemoAppDelegate.h; sourceTree = "<group>"; };
		CB3DFE8B1895E26B00CD0013 /* ImageDemoAppDelegate.m */ = {isa = PBXFileReference; fileEncoding = 4; lastKnownFileType = sourcecode.c.objc; path = ImageDemoAppDelegate.m; sourceTree = "<group>"; };
		CB3DFE8C1895E26B00CD0013 /* ImageDemoCellChooser.h */ = {isa = PBXFileReference; fileEncoding = 4; lastKnownFileType = sourcecode.c.h; path = ImageDemoCellChooser.h; sourceTree = "<group>"; };
		CB3DFE8D1895E26B00CD0013 /* ImageDemoCellChooser.m */ = {isa = PBXFileReference; fileEncoding = 4; lastKnownFileType = sourcecode.c.objc; path = ImageDemoCellChooser.m; sourceTree = "<group>"; };
		CB3DFE8E1895E26B00CD0013 /* ImageDemoFilledCell.h */ = {isa = PBXFileReference; fileEncoding = 4; lastKnownFileType = sourcecode.c.h; path = ImageDemoFilledCell.h; sourceTree = "<group>"; };
		CB3DFE8F1895E26B00CD0013 /* ImageDemoFilledCell.m */ = {isa = PBXFileReference; fileEncoding = 4; lastKnownFileType = sourcecode.c.objc; path = ImageDemoFilledCell.m; sourceTree = "<group>"; };
		CB3DFE901895E26B00CD0013 /* ImageDemoGridViewCell.h */ = {isa = PBXFileReference; fileEncoding = 4; lastKnownFileType = sourcecode.c.h; path = ImageDemoGridViewCell.h; sourceTree = "<group>"; };
		CB3DFE911895E26B00CD0013 /* ImageDemoGridViewCell.m */ = {isa = PBXFileReference; fileEncoding = 4; lastKnownFileType = sourcecode.c.objc; path = ImageDemoGridViewCell.m; sourceTree = "<group>"; };
		CB3DFE921895E26B00CD0013 /* ImageDemoViewController.h */ = {isa = PBXFileReference; fileEncoding = 4; lastKnownFileType = sourcecode.c.h; path = ImageDemoViewController.h; sourceTree = "<group>"; };
		CB3DFE931895E26B00CD0013 /* ImageDemoViewController.m */ = {isa = PBXFileReference; fileEncoding = 4; lastKnownFileType = sourcecode.c.objc; path = ImageDemoViewController.m; sourceTree = "<group>"; };
		CB3DFE941895E26B00CD0013 /* ImageDemo-Info.plist */ = {isa = PBXFileReference; fileEncoding = 4; lastKnownFileType = text.plist.xml; path = "ImageDemo-Info.plist"; sourceTree = "<group>"; };
		CB3DFE951895E26B00CD0013 /* ImageDemo.xcodeproj */ = {isa = PBXFileReference; lastKnownFileType = "wrapper.pb-project"; path = ImageDemo.xcodeproj; sourceTree = "<group>"; };
		CB3DFE981895E26B00CD0013 /* ImageDemo_Prefix.pch */ = {isa = PBXFileReference; fileEncoding = 4; lastKnownFileType = sourcecode.c.h; path = ImageDemo_Prefix.pch; sourceTree = "<group>"; };
		CB3DFE991895E26B00CD0013 /* ImageDemoViewController.xib */ = {isa = PBXFileReference; fileEncoding = 4; lastKnownFileType = file.xib; path = ImageDemoViewController.xib; sourceTree = "<group>"; };
		CB3DFE9B1895E26B00CD0013 /* 3D-simplicity.png */ = {isa = PBXFileReference; lastKnownFileType = image.png; path = "3D-simplicity.png"; sourceTree = "<group>"; };
		CB3DFE9C1895E26B00CD0013 /* AppleTV-esque_by-mikelcroft_nl-1440.png */ = {isa = PBXFileReference; lastKnownFileType = image.png; path = "AppleTV-esque_by-mikelcroft_nl-1440.png"; sourceTree = "<group>"; };
		CB3DFE9D1895E26B00CD0013 /* batman_surfing_on_superman.png */ = {isa = PBXFileReference; lastKnownFileType = image.png; path = batman_surfing_on_superman.png; sourceTree = "<group>"; };
		CB3DFE9E1895E26B00CD0013 /* coffee-break_.png */ = {isa = PBXFileReference; lastKnownFileType = image.png; path = "coffee-break_.png"; sourceTree = "<group>"; };
		CB3DFE9F1895E26B00CD0013 /* colorful_1440x900.png */ = {isa = PBXFileReference; lastKnownFileType = image.png; path = colorful_1440x900.png; sourceTree = "<group>"; };
		CB3DFEA01895E26B00CD0013 /* Composition53.png */ = {isa = PBXFileReference; lastKnownFileType = image.png; path = Composition53.png; sourceTree = "<group>"; };
		CB3DFEA11895E26B00CD0013 /* Dragon.png */ = {isa = PBXFileReference; lastKnownFileType = image.png; path = Dragon.png; sourceTree = "<group>"; };
		CB3DFEA21895E26B00CD0013 /* eclipse.png */ = {isa = PBXFileReference; lastKnownFileType = image.png; path = eclipse.png; sourceTree = "<group>"; };
		CB3DFEA31895E26B00CD0013 /* face.png */ = {isa = PBXFileReference; lastKnownFileType = image.png; path = face.png; sourceTree = "<group>"; };
		CB3DFEA41895E26B00CD0013 /* focus.png */ = {isa = PBXFileReference; lastKnownFileType = image.png; path = focus.png; sourceTree = "<group>"; };
		CB3DFEA51895E26B00CD0013 /* gbo.png */ = {isa = PBXFileReference; lastKnownFileType = image.png; path = gbo.png; sourceTree = "<group>"; };
		CB3DFEA61895E26B00CD0013 /* Green_Plant_(2560x1600).png */ = {isa = PBXFileReference; lastKnownFileType = image.png; path = "Green_Plant_(2560x1600).png"; sourceTree = "<group>"; };
		CB3DFEA71895E26B00CD0013 /* grounded.png */ = {isa = PBXFileReference; lastKnownFileType = image.png; path = grounded.png; sourceTree = "<group>"; };
		CB3DFEA81895E26B00CD0013 /* happy.png */ = {isa = PBXFileReference; lastKnownFileType = image.png; path = happy.png; sourceTree = "<group>"; };
		CB3DFEA91895E26B00CD0013 /* LeatherHoles-Apple.png */ = {isa = PBXFileReference; lastKnownFileType = image.png; path = "LeatherHoles-Apple.png"; sourceTree = "<group>"; };
		CB3DFEAA1895E26B00CD0013 /* Let_it_snow_by_mj_coffeeholick.png */ = {isa = PBXFileReference; lastKnownFileType = image.png; path = Let_it_snow_by_mj_coffeeholick.png; sourceTree = "<group>"; };
		CB3DFEAB1895E26B00CD0013 /* Luxury_Apple_by_Stratification.png */ = {isa = PBXFileReference; lastKnownFileType = image.png; path = Luxury_Apple_by_Stratification.png; sourceTree = "<group>"; };
		CB3DFEAC1895E26B00CD0013 /* MacMini.png */ = {isa = PBXFileReference; lastKnownFileType = image.png; path = MacMini.png; sourceTree = "<group>"; };
		CB3DFEAD1895E26B00CD0013 /* SlaveKingGod.png */ = {isa = PBXFileReference; lastKnownFileType = image.png; path = SlaveKingGod.png; sourceTree = "<group>"; };
		CB3DFEAE1895E26B00CD0013 /* Snow_Leopard_by_vladstudio.png */ = {isa = PBXFileReference; lastKnownFileType = image.png; path = Snow_Leopard_by_vladstudio.png; sourceTree = "<group>"; };
		CB3DFEAF1895E26B00CD0013 /* Space Fold.png */ = {isa = PBXFileReference; lastKnownFileType = image.png; path = "Space Fold.png"; sourceTree = "<group>"; };
		CB3DFEB01895E26B00CD0013 /* Stormcloud_Schmeisser.png */ = {isa = PBXFileReference; lastKnownFileType = image.png; path = Stormcloud_Schmeisser.png; sourceTree = "<group>"; };
		CB3DFEB11895E26B00CD0013 /* tiamat.png */ = {isa = PBXFileReference; lastKnownFileType = image.png; path = tiamat.png; sourceTree = "<group>"; };
		CB3DFEB21895E26B00CD0013 /* WTF.png */ = {isa = PBXFileReference; lastKnownFileType = image.png; path = WTF.png; sourceTree = "<group>"; };
		CB3DFEB31895E26B00CD0013 /* main.m */ = {isa = PBXFileReference; fileEncoding = 4; lastKnownFileType = sourcecode.c.objc; path = main.m; sourceTree = "<group>"; };
		CB3DFEB41895E26B00CD0013 /* MainWindow.xib */ = {isa = PBXFileReference; fileEncoding = 4; lastKnownFileType = file.xib; path = MainWindow.xib; sourceTree = "<group>"; };
		CB3DFEB61895E26B00CD0013 /* .gitignore */ = {isa = PBXFileReference; fileEncoding = 4; lastKnownFileType = text; path = .gitignore; sourceTree = "<group>"; };
		CB3DFEB71895E26B00CD0013 /* background.png */ = {isa = PBXFileReference; lastKnownFileType = image.png; path = background.png; sourceTree = "<group>"; };
		CB3DFEB91895E26B00CD0013 /* SpringBoardAppDelegate.h */ = {isa = PBXFileReference; fileEncoding = 4; lastKnownFileType = sourcecode.c.h; path = SpringBoardAppDelegate.h; sourceTree = "<group>"; };
		CB3DFEBA1895E26B00CD0013 /* SpringBoardAppDelegate.m */ = {isa = PBXFileReference; fileEncoding = 4; lastKnownFileType = sourcecode.c.objc; path = SpringBoardAppDelegate.m; sourceTree = "<group>"; };
		CB3DFEBB1895E26B00CD0013 /* SpringBoardIconCell.h */ = {isa = PBXFileReference; fileEncoding = 4; lastKnownFileType = sourcecode.c.h; path = SpringBoardIconCell.h; sourceTree = "<group>"; };
		CB3DFEBC1895E26B00CD0013 /* SpringBoardIconCell.m */ = {isa = PBXFileReference; fileEncoding = 4; lastKnownFileType = sourcecode.c.objc; path = SpringBoardIconCell.m; sourceTree = "<group>"; };
		CB3DFEBD1895E26B00CD0013 /* SpringBoardViewController.h */ = {isa = PBXFileReference; fileEncoding = 4; lastKnownFileType = sourcecode.c.h; path = SpringBoardViewController.h; sourceTree = "<group>"; };
		CB3DFEBE1895E26B00CD0013 /* SpringBoardViewController.m */ = {isa = PBXFileReference; fileEncoding = 4; lastKnownFileType = sourcecode.c.objc; path = SpringBoardViewController.m; sourceTree = "<group>"; };
		CB3DFEBF1895E26B00CD0013 /* main.m */ = {isa = PBXFileReference; fileEncoding = 4; lastKnownFileType = sourcecode.c.objc; path = main.m; sourceTree = "<group>"; };
		CB3DFEC01895E26B00CD0013 /* MainWindow.xib */ = {isa = PBXFileReference; fileEncoding = 4; lastKnownFileType = file.xib; path = MainWindow.xib; sourceTree = "<group>"; };
		CB3DFEC11895E26B00CD0013 /* SpringBoard-Info.plist */ = {isa = PBXFileReference; fileEncoding = 4; lastKnownFileType = text.plist.xml; path = "SpringBoard-Info.plist"; sourceTree = "<group>"; };
		CB3DFEC21895E26B00CD0013 /* SpringBoard.xcodeproj */ = {isa = PBXFileReference; lastKnownFileType = "wrapper.pb-project"; path = SpringBoard.xcodeproj; sourceTree = "<group>"; };
		CB3DFEC51895E26B00CD0013 /* SpringBoard_Prefix.pch */ = {isa = PBXFileReference; fileEncoding = 4; lastKnownFileType = sourcecode.c.h; path = SpringBoard_Prefix.pch; sourceTree = "<group>"; };
		CB3DFEC61895E26B00CD0013 /* LICENSE */ = {isa = PBXFileReference; fileEncoding = 4; lastKnownFileType = text; path = LICENSE; sourceTree = "<group>"; };
		CB3DFEC71895E26B00CD0013 /* README.textile */ = {isa = PBXFileReference; fileEncoding = 4; lastKnownFileType = text; path = README.textile; sourceTree = "<group>"; };
		CB3DFEC91895E26B00CD0013 /* AQGridSelection.png */ = {isa = PBXFileReference; lastKnownFileType = image.png; path = AQGridSelection.png; sourceTree = "<group>"; };
		CB3DFECA1895E26B00CD0013 /* AQGridSelectionGray.png */ = {isa = PBXFileReference; lastKnownFileType = image.png; path = AQGridSelectionGray.png; sourceTree = "<group>"; };
		CB3DFECB1895E26B00CD0013 /* AQGridSelectionGrayBlue.png */ = {isa = PBXFileReference; lastKnownFileType = image.png; path = AQGridSelectionGrayBlue.png; sourceTree = "<group>"; };
		CB3DFECC1895E26B00CD0013 /* AQGridSelectionGreen.png */ = {isa = PBXFileReference; lastKnownFileType = image.png; path = AQGridSelectionGreen.png; sourceTree = "<group>"; };
		CB3DFECD1895E26B00CD0013 /* AQGridSelectionRed.png */ = {isa = PBXFileReference; lastKnownFileType = image.png; path = AQGridSelectionRed.png; sourceTree = "<group>"; };
		CB3DFECF1895E26B00CD0013 /* embed_png.sh */ = {isa = PBXFileReference; fileEncoding = 4; lastKnownFileType = text.script.sh; path = embed_png.sh; sourceTree = "<group>"; };
/* End PBXFileReference section */

/* Begin PBXFrameworksBuildPhase section */
		C762B698181DB7B500EB3674 /* Frameworks */ = {
			isa = PBXFrameworksBuildPhase;
			buildActionMask = 2147483647;
			files = (
				CB3DFF271895E31200CD0013 /* libAQGridView.a in Frameworks */,
				C71981AA1850138E00D502E3 /* libGTLTouchStaticLib.a in Frameworks */,
				C71981AB1850138E00D502E3 /* MobileCoreServices.framework in Frameworks */,
				C71981AC1850138E00D502E3 /* Security.framework in Frameworks */,
				C71981AD1850138E00D502E3 /* SystemConfiguration.framework in Frameworks */,
				C762B69F181DB7B500EB3674 /* UIKit.framework in Frameworks */,
				C762B6A1181DB7B500EB3674 /* Foundation.framework in Frameworks */,
				C762B6A3181DB7B500EB3674 /* CoreGraphics.framework in Frameworks */,
			);
			runOnlyForDeploymentPostprocessing = 0;
		};
/* End PBXFrameworksBuildPhase section */

/* Begin PBXGroup section */
		C72B07D1182B325E003B9494 /* IB Files */ = {
			isa = PBXGroup;
			children = (
				C7E4478E18400DA20059A65F /* MenuSubmenuView.xib */,
				C762B6B9181DB7B500EB3674 /* NotebookViewController.xib */,
				C75EF9F418246AAE00C9A725 /* SideBarView.xib */,
				168337881826F76C0069A31E /* PaintSubmenuView.xib */,
			);
			name = "IB Files";
			sourceTree = "<group>";
		};
		C72B07D2182B3283003B9494 /* Views */ = {
			isa = PBXGroup;
			children = (
				C7E4479018400E7F0059A65F /* MenuSubmenuView.h */,
				C7E4479118400E7F0059A65F /* MenuSubmenuView.m */,
				C74921E2182DB5AA0041F997 /* PaintSubmenuView.h */,
				C74921E3182DB5AA0041F997 /* PaintSubmenuView.m */,
				C75EF9F91826E8E600C9A725 /* PaintView.h */,
				C75EF9FA1826E8E600C9A725 /* PaintView.m */,
				C75EF9F618246B3D00C9A725 /* SideBarView.h */,
				C75EF9F718246B3D00C9A725 /* SideBarView.m */,
			);
			name = Views;
			sourceTree = "<group>";
		};
		C72B07D3182B3290003B9494 /* View Controllers */ = {
			isa = PBXGroup;
			children = (
				C762B6B6181DB7B500EB3674 /* NotebookViewController.h */,
				C762B6B7181DB7B500EB3674 /* NotebookViewController.m */,
			);
			name = "View Controllers";
			sourceTree = "<group>";
		};
		C762B692181DB7B500EB3674 = {
			isa = PBXGroup;
			children = (
				C762B6A4181DB7B500EB3674 /* StemNotebook */,
				C762B69D181DB7B500EB3674 /* Frameworks */,
				C762B69C181DB7B500EB3674 /* Products */,
			);
			sourceTree = "<group>";
		};
		C762B69C181DB7B500EB3674 /* Products */ = {
			isa = PBXGroup;
			children = (
				C762B69B181DB7B500EB3674 /* StemNotebook.app */,
			);
			name = Products;
			sourceTree = "<group>";
		};
		C762B69D181DB7B500EB3674 /* Frameworks */ = {
			isa = PBXGroup;
			children = (
				C71981A61850138E00D502E3 /* libGTLTouchStaticLib.a */,
				C71981A71850138E00D502E3 /* MobileCoreServices.framework */,
				C71981A81850138E00D502E3 /* Security.framework */,
				C71981A91850138E00D502E3 /* SystemConfiguration.framework */,
				C762B69E181DB7B500EB3674 /* UIKit.framework */,
				C762B6A0181DB7B500EB3674 /* Foundation.framework */,
				C762B6A2181DB7B500EB3674 /* CoreGraphics.framework */,
			);
			name = Frameworks;
			sourceTree = "<group>";
		};
		C762B6A4181DB7B500EB3674 /* StemNotebook */ = {
			isa = PBXGroup;
			children = (
				CB3DFE4D1895E26B00CD0013 /* Bookshelf */,
				C7AF899C1850D4B000F6A093 /* Api Provided Files */,
				C7AF899B1850D49100F6A093 /* Backend Support */,
				C7233B4A182DB4E200CFE9B9 /* NotebookViewDelegate.h */,
				C72B07D2182B3283003B9494 /* Views */,
				C762B6AE181DB7B500EB3674 /* AppDelegate.m */,
				C762B6AD181DB7B500EB3674 /* AppDelegate.h */,
				C72B07D3182B3290003B9494 /* View Controllers */,
				C72B07D1182B325E003B9494 /* IB Files */,
				C762B6A5181DB7B500EB3674 /* Supporting Files */,
			);
			path = StemNotebook;
			sourceTree = "<group>";
		};
		C762B6A5181DB7B500EB3674 /* Supporting Files */ = {
			isa = PBXGroup;
			children = (
				C71981AE185014B300D502E3 /* GTMOAuth2ViewTouch.xib */,
				C762B6A6181DB7B500EB3674 /* StemNotebook-Info.plist */,
				C762B6A7181DB7B500EB3674 /* InfoPlist.strings */,
				C762B6AA181DB7B500EB3674 /* main.m */,
				C762B6AC181DB7B500EB3674 /* StemNotebook-Prefix.pch */,
				C762B6B0181DB7B500EB3674 /* Default.png */,
				C762B6B2181DB7B500EB3674 /* Default@2x.png */,
				C762B6B4181DB7B500EB3674 /* Default-568h@2x.png */,
			);
			name = "Supporting Files";
			sourceTree = "<group>";
		};
		C7AF899B1850D49100F6A093 /* Backend Support */ = {
			isa = PBXGroup;
			children = (
				C7AF899D1850D4DC00F6A093 /* DriveManager.h */,
				C7AF899E1850D4DC00F6A093 /* DriveManager.m */,
			);
			name = "Backend Support";
			sourceTree = "<group>";
		};
		C7AF899C1850D4B000F6A093 /* Api Provided Files */ = {
			isa = PBXGroup;
			children = (
				C71981B0185015C800D502E3 /* GTLDrive_Sources.m */,
				C71981B1185015C800D502E3 /* GTLDrive.h */,
			);
			name = "Api Provided Files";
			sourceTree = "<group>";
		};
		CB3DFE4D1895E26B00CD0013 /* Bookshelf */ = {
			isa = PBXGroup;
			children = (
				CB3DFE4E1895E26B00CD0013 /* AQGridView */,
			);
			path = Bookshelf;
			sourceTree = "<group>";
		};
		CB3DFE4E1895E26B00CD0013 /* AQGridView */ = {
			isa = PBXGroup;
			children = (
				CB3DFE4F1895E26B00CD0013 /* .gitignore */,
				CB3DFE501895E26B00CD0013 /* AQGridView.xcodeproj */,
				CB3DFE531895E26B00CD0013 /* AQGridView.xcworkspace */,
				CB3DFE541895E26B00CD0013 /* AQGridView_Prefix.pch */,
				CB3DFE551895E26B00CD0013 /* Classes */,
				CB3DFE6D1895E26B00CD0013 /* Examples */,
				CB3DFEC61895E26B00CD0013 /* LICENSE */,
				CB3DFEC71895E26B00CD0013 /* README.textile */,
				CB3DFEC81895E26B00CD0013 /* Resources */,
				CB3DFECE1895E26B00CD0013 /* Scripts */,
			);
			path = AQGridView;
			sourceTree = "<group>";
		};
		CB3DFE511895E26B00CD0013 /* Products */ = {
			isa = PBXGroup;
			children = (
				CB3DFF1B1895E26C00CD0013 /* libAQGridView.a */,
			);
			name = Products;
			sourceTree = "<group>";
		};
		CB3DFE551895E26B00CD0013 /* Classes */ = {
			isa = PBXGroup;
			children = (
				CB3DFE561895E26B00CD0013 /* AQGridView+CellLayout.h */,
				CB3DFE571895E26B00CD0013 /* AQGridView+CellLocationDelegation.h */,
				CB3DFE581895E26B00CD0013 /* AQGridView.h */,
				CB3DFE591895E26B00CD0013 /* AQGridView.m */,
				CB3DFE5A1895E26B00CD0013 /* AQGridViewAnimatorItem.h */,
				CB3DFE5B1895E26B00CD0013 /* AQGridViewAnimatorItem.m */,
				CB3DFE5C1895E26B00CD0013 /* AQGridViewCell+AQGridViewCellPrivate.h */,
				CB3DFE5D1895E26B00CD0013 /* AQGridViewCell.h */,
				CB3DFE5E1895E26B00CD0013 /* AQGridViewCell.m */,
				CB3DFE5F1895E26B00CD0013 /* AQGridViewController.h */,
				CB3DFE601895E26B00CD0013 /* AQGridViewController.m */,
				CB3DFE611895E26B00CD0013 /* AQGridViewData.h */,
				CB3DFE621895E26B00CD0013 /* AQGridViewData.m */,
				CB3DFE631895E26B00CD0013 /* AQGridViewUpdateInfo.h */,
				CB3DFE641895E26B00CD0013 /* AQGridViewUpdateInfo.m */,
				CB3DFE651895E26B00CD0013 /* AQGridViewUpdateItem.h */,
				CB3DFE661895E26B00CD0013 /* AQGridViewUpdateItem.m */,
				CB3DFE671895E26B00CD0013 /* NSIndexSet+AQIndexesOutsideSet.h */,
				CB3DFE681895E26B00CD0013 /* NSIndexSet+AQIndexesOutsideSet.m */,
				CB3DFE691895E26B00CD0013 /* NSIndexSet+AQIsSetContiguous.h */,
				CB3DFE6A1895E26B00CD0013 /* NSIndexSet+AQIsSetContiguous.m */,
				CB3DFE6B1895E26B00CD0013 /* UIColor+AQGridView.h */,
				CB3DFE6C1895E26B00CD0013 /* UIColor+AQGridView.m */,
			);
			path = Classes;
			sourceTree = "<group>";
		};
		CB3DFE6D1895E26B00CD0013 /* Examples */ = {
			isa = PBXGroup;
			children = (
				CB3DFE6E1895E26B00CD0013 /* ExpanderDemo */,
				CB3DFE871895E26B00CD0013 /* ImageDemo */,
				CB3DFEB51895E26B00CD0013 /* SpringBoard */,
			);
			path = Examples;
			sourceTree = "<group>";
		};
		CB3DFE6E1895E26B00CD0013 /* ExpanderDemo */ = {
			isa = PBXGroup;
			children = (
				CB3DFE6F1895E26B00CD0013 /* .gitignore */,
				CB3DFE701895E26B00CD0013 /* Classes */,
				CB3DFE7B1895E26B00CD0013 /* ExpanderDemoViewController.xib */,
				CB3DFE7D1895E26B00CD0013 /* InfoPlist.strings */,
				CB3DFE7F1895E26B00CD0013 /* MainWindow.xib */,
				CB3DFE811895E26B00CD0013 /* ExpanderDemo-Info.plist */,
				CB3DFE821895E26B00CD0013 /* ExpanderDemo.xcodeproj */,
				CB3DFE851895E26B00CD0013 /* ExpanderDemo_Prefix.pch */,
				CB3DFE861895E26B00CD0013 /* main.m */,
			);
			path = ExpanderDemo;
			sourceTree = "<group>";
		};
		CB3DFE701895E26B00CD0013 /* Classes */ = {
			isa = PBXGroup;
			children = (
				CB3DFE711895E26B00CD0013 /* ExpanderDemoAppDelegate.h */,
				CB3DFE721895E26B00CD0013 /* ExpanderDemoAppDelegate.m */,
				CB3DFE731895E26B00CD0013 /* ExpanderDemoViewController.h */,
				CB3DFE741895E26B00CD0013 /* ExpanderDemoViewController.m */,
				CB3DFE751895E26B00CD0013 /* ExpandFromGridViewCell.h */,
				CB3DFE761895E26B00CD0013 /* ExpandFromGridViewCell.m */,
				CB3DFE771895E26B00CD0013 /* ExpandingGridViewController.h */,
				CB3DFE781895E26B00CD0013 /* ExpandingGridViewController.m */,
				CB3DFE791895E26B00CD0013 /* ImageGridViewCell.h */,
				CB3DFE7A1895E26B00CD0013 /* ImageGridViewCell.m */,
			);
			path = Classes;
			sourceTree = "<group>";
		};
		CB3DFE831895E26B00CD0013 /* Products */ = {
			isa = PBXGroup;
			children = (
				CB3DFF1E1895E26C00CD0013 /* ExpanderDemo.app */,
			);
			name = Products;
			sourceTree = "<group>";
		};
		CB3DFE871895E26B00CD0013 /* ImageDemo */ = {
			isa = PBXGroup;
			children = (
				CB3DFE881895E26B00CD0013 /* .gitignore */,
				CB3DFE891895E26B00CD0013 /* Classes */,
				CB3DFE941895E26B00CD0013 /* ImageDemo-Info.plist */,
				CB3DFE951895E26B00CD0013 /* ImageDemo.xcodeproj */,
				CB3DFE981895E26B00CD0013 /* ImageDemo_Prefix.pch */,
				CB3DFE991895E26B00CD0013 /* ImageDemoViewController.xib */,
				CB3DFE9A1895E26B00CD0013 /* Images */,
				CB3DFEB31895E26B00CD0013 /* main.m */,
				CB3DFEB41895E26B00CD0013 /* MainWindow.xib */,
			);
			path = ImageDemo;
			sourceTree = "<group>";
		};
		CB3DFE891895E26B00CD0013 /* Classes */ = {
			isa = PBXGroup;
			children = (
				CB3DFE8A1895E26B00CD0013 /* ImageDemoAppDelegate.h */,
				CB3DFE8B1895E26B00CD0013 /* ImageDemoAppDelegate.m */,
				CB3DFE8C1895E26B00CD0013 /* ImageDemoCellChooser.h */,
				CB3DFE8D1895E26B00CD0013 /* ImageDemoCellChooser.m */,
				CB3DFE8E1895E26B00CD0013 /* ImageDemoFilledCell.h */,
				CB3DFE8F1895E26B00CD0013 /* ImageDemoFilledCell.m */,
				CB3DFE901895E26B00CD0013 /* ImageDemoGridViewCell.h */,
				CB3DFE911895E26B00CD0013 /* ImageDemoGridViewCell.m */,
				CB3DFE921895E26B00CD0013 /* ImageDemoViewController.h */,
				CB3DFE931895E26B00CD0013 /* ImageDemoViewController.m */,
			);
			path = Classes;
			sourceTree = "<group>";
		};
		CB3DFE961895E26B00CD0013 /* Products */ = {
			isa = PBXGroup;
			children = (
				CB3DFF211895E26C00CD0013 /* ImageDemo.app */,
			);
			name = Products;
			sourceTree = "<group>";
		};
		CB3DFE9A1895E26B00CD0013 /* Images */ = {
			isa = PBXGroup;
			children = (
				CB3DFE9B1895E26B00CD0013 /* 3D-simplicity.png */,
				CB3DFE9C1895E26B00CD0013 /* AppleTV-esque_by-mikelcroft_nl-1440.png */,
				CB3DFE9D1895E26B00CD0013 /* batman_surfing_on_superman.png */,
				CB3DFE9E1895E26B00CD0013 /* coffee-break_.png */,
				CB3DFE9F1895E26B00CD0013 /* colorful_1440x900.png */,
				CB3DFEA01895E26B00CD0013 /* Composition53.png */,
				CB3DFEA11895E26B00CD0013 /* Dragon.png */,
				CB3DFEA21895E26B00CD0013 /* eclipse.png */,
				CB3DFEA31895E26B00CD0013 /* face.png */,
				CB3DFEA41895E26B00CD0013 /* focus.png */,
				CB3DFEA51895E26B00CD0013 /* gbo.png */,
				CB3DFEA61895E26B00CD0013 /* Green_Plant_(2560x1600).png */,
				CB3DFEA71895E26B00CD0013 /* grounded.png */,
				CB3DFEA81895E26B00CD0013 /* happy.png */,
				CB3DFEA91895E26B00CD0013 /* LeatherHoles-Apple.png */,
				CB3DFEAA1895E26B00CD0013 /* Let_it_snow_by_mj_coffeeholick.png */,
				CB3DFEAB1895E26B00CD0013 /* Luxury_Apple_by_Stratification.png */,
				CB3DFEAC1895E26B00CD0013 /* MacMini.png */,
				CB3DFEAD1895E26B00CD0013 /* SlaveKingGod.png */,
				CB3DFEAE1895E26B00CD0013 /* Snow_Leopard_by_vladstudio.png */,
				CB3DFEAF1895E26B00CD0013 /* Space Fold.png */,
				CB3DFEB01895E26B00CD0013 /* Stormcloud_Schmeisser.png */,
				CB3DFEB11895E26B00CD0013 /* tiamat.png */,
				CB3DFEB21895E26B00CD0013 /* WTF.png */,
			);
			path = Images;
			sourceTree = "<group>";
		};
		CB3DFEB51895E26B00CD0013 /* SpringBoard */ = {
			isa = PBXGroup;
			children = (
				CB3DFEB61895E26B00CD0013 /* .gitignore */,
				CB3DFEB71895E26B00CD0013 /* background.png */,
				CB3DFEB81895E26B00CD0013 /* Classes */,
				CB3DFEBF1895E26B00CD0013 /* main.m */,
				CB3DFEC01895E26B00CD0013 /* MainWindow.xib */,
				CB3DFEC11895E26B00CD0013 /* SpringBoard-Info.plist */,
				CB3DFEC21895E26B00CD0013 /* SpringBoard.xcodeproj */,
				CB3DFEC51895E26B00CD0013 /* SpringBoard_Prefix.pch */,
			);
			path = SpringBoard;
			sourceTree = "<group>";
		};
		CB3DFEB81895E26B00CD0013 /* Classes */ = {
			isa = PBXGroup;
			children = (
				CB3DFEB91895E26B00CD0013 /* SpringBoardAppDelegate.h */,
				CB3DFEBA1895E26B00CD0013 /* SpringBoardAppDelegate.m */,
				CB3DFEBB1895E26B00CD0013 /* SpringBoardIconCell.h */,
				CB3DFEBC1895E26B00CD0013 /* SpringBoardIconCell.m */,
				CB3DFEBD1895E26B00CD0013 /* SpringBoardViewController.h */,
				CB3DFEBE1895E26B00CD0013 /* SpringBoardViewController.m */,
			);
			path = Classes;
			sourceTree = "<group>";
		};
		CB3DFEC31895E26B00CD0013 /* Products */ = {
			isa = PBXGroup;
			children = (
				CB3DFF241895E26C00CD0013 /* SpringBoard.app */,
			);
			name = Products;
			sourceTree = "<group>";
		};
		CB3DFEC81895E26B00CD0013 /* Resources */ = {
			isa = PBXGroup;
			children = (
				CB3DFEC91895E26B00CD0013 /* AQGridSelection.png */,
				CB3DFECA1895E26B00CD0013 /* AQGridSelectionGray.png */,
				CB3DFECB1895E26B00CD0013 /* AQGridSelectionGrayBlue.png */,
				CB3DFECC1895E26B00CD0013 /* AQGridSelectionGreen.png */,
				CB3DFECD1895E26B00CD0013 /* AQGridSelectionRed.png */,
			);
			path = Resources;
			sourceTree = "<group>";
		};
		CB3DFECE1895E26B00CD0013 /* Scripts */ = {
			isa = PBXGroup;
			children = (
				CB3DFECF1895E26B00CD0013 /* embed_png.sh */,
			);
			path = Scripts;
			sourceTree = "<group>";
		};
/* End PBXGroup section */

/* Begin PBXNativeTarget section */
		C762B69A181DB7B500EB3674 /* StemNotebook */ = {
			isa = PBXNativeTarget;
			buildConfigurationList = C762B6BE181DB7B500EB3674 /* Build configuration list for PBXNativeTarget "StemNotebook" */;
			buildPhases = (
				C762B697181DB7B500EB3674 /* Sources */,
				C762B698181DB7B500EB3674 /* Frameworks */,
				C762B699181DB7B500EB3674 /* Resources */,
			);
			buildRules = (
			);
			dependencies = (
				CB3DFF261895E30000CD0013 /* PBXTargetDependency */,
			);
			name = StemNotebook;
			productName = StemNotebook;
			productReference = C762B69B181DB7B500EB3674 /* StemNotebook.app */;
			productType = "com.apple.product-type.application";
		};
/* End PBXNativeTarget section */

/* Begin PBXProject section */
		C762B693181DB7B500EB3674 /* Project object */ = {
			isa = PBXProject;
			attributes = {
				LastUpgradeCheck = 0460;
				ORGANIZATIONNAME = HardWonKnowledge;
				TargetAttributes = {
					C762B69A181DB7B500EB3674 = {
						DevelopmentTeam = VT9937V7SF;
					};
				};
			};
			buildConfigurationList = C762B696181DB7B500EB3674 /* Build configuration list for PBXProject "StemNotebook" */;
			compatibilityVersion = "Xcode 3.2";
			developmentRegion = English;
			hasScannedForEncodings = 0;
			knownRegions = (
				en,
			);
			mainGroup = C762B692181DB7B500EB3674;
			productRefGroup = C762B69C181DB7B500EB3674 /* Products */;
			projectDirPath = "";
			projectReferences = (
				{
					ProductGroup = CB3DFE511895E26B00CD0013 /* Products */;
					ProjectRef = CB3DFE501895E26B00CD0013 /* AQGridView.xcodeproj */;
				},
				{
					ProductGroup = CB3DFE831895E26B00CD0013 /* Products */;
					ProjectRef = CB3DFE821895E26B00CD0013 /* ExpanderDemo.xcodeproj */;
				},
				{
					ProductGroup = CB3DFE961895E26B00CD0013 /* Products */;
					ProjectRef = CB3DFE951895E26B00CD0013 /* ImageDemo.xcodeproj */;
				},
				{
					ProductGroup = CB3DFEC31895E26B00CD0013 /* Products */;
					ProjectRef = CB3DFEC21895E26B00CD0013 /* SpringBoard.xcodeproj */;
				},
			);
			projectRoot = "";
			targets = (
				C762B69A181DB7B500EB3674 /* StemNotebook */,
			);
		};
/* End PBXProject section */

/* Begin PBXReferenceProxy section */
		CB3DFF1B1895E26C00CD0013 /* libAQGridView.a */ = {
			isa = PBXReferenceProxy;
			fileType = archive.ar;
			path = libAQGridView.a;
			remoteRef = CB3DFF1A1895E26C00CD0013 /* PBXContainerItemProxy */;
			sourceTree = BUILT_PRODUCTS_DIR;
		};
		CB3DFF1E1895E26C00CD0013 /* ExpanderDemo.app */ = {
			isa = PBXReferenceProxy;
			fileType = wrapper.application;
			path = ExpanderDemo.app;
			remoteRef = CB3DFF1D1895E26C00CD0013 /* PBXContainerItemProxy */;
			sourceTree = BUILT_PRODUCTS_DIR;
		};
		CB3DFF211895E26C00CD0013 /* ImageDemo.app */ = {
			isa = PBXReferenceProxy;
			fileType = wrapper.application;
			path = ImageDemo.app;
			remoteRef = CB3DFF201895E26C00CD0013 /* PBXContainerItemProxy */;
			sourceTree = BUILT_PRODUCTS_DIR;
		};
		CB3DFF241895E26C00CD0013 /* SpringBoard.app */ = {
			isa = PBXReferenceProxy;
			fileType = wrapper.application;
			path = SpringBoard.app;
			remoteRef = CB3DFF231895E26C00CD0013 /* PBXContainerItemProxy */;
			sourceTree = BUILT_PRODUCTS_DIR;
		};
/* End PBXReferenceProxy section */

/* Begin PBXResourcesBuildPhase section */
		C762B699181DB7B500EB3674 /* Resources */ = {
			isa = PBXResourcesBuildPhase;
			buildActionMask = 2147483647;
			files = (
				C71981AF185014B300D502E3 /* GTMOAuth2ViewTouch.xib in Resources */,
				C762B6A9181DB7B500EB3674 /* InfoPlist.strings in Resources */,
				C75EF9F518246AAE00C9A725 /* SideBarView.xib in Resources */,
				C762B6B1181DB7B500EB3674 /* Default.png in Resources */,
				C7E4478F18400DA20059A65F /* MenuSubmenuView.xib in Resources */,
				C762B6B3181DB7B500EB3674 /* Default@2x.png in Resources */,
				C762B6B5181DB7B500EB3674 /* Default-568h@2x.png in Resources */,
				C762B6BB181DB7B500EB3674 /* NotebookViewController.xib in Resources */,
				168337891826F76C0069A31E /* PaintSubmenuView.xib in Resources */,
				CB3DFED01895E26B00CD0013 /* .gitignore in Resources */,
				CB3DFED11895E26B00CD0013 /* AQGridView.xcworkspace in Resources */,
				CB3DFEDC1895E26B00CD0013 /* .gitignore in Resources */,
				CB3DFEE21895E26B00CD0013 /* ExpanderDemoViewController.xib in Resources */,
				CB3DFEE31895E26B00CD0013 /* InfoPlist.strings in Resources */,
				CB3DFEE41895E26B00CD0013 /* MainWindow.xib in Resources */,
				CB3DFEE51895E26B00CD0013 /* ExpanderDemo-Info.plist in Resources */,
				CB3DFEE71895E26B00CD0013 /* .gitignore in Resources */,
				CB3DFEED1895E26B00CD0013 /* ImageDemo-Info.plist in Resources */,
				CB3DFEEE1895E26B00CD0013 /* ImageDemoViewController.xib in Resources */,
				CB3DFEEF1895E26B00CD0013 /* 3D-simplicity.png in Resources */,
				CB3DFEF01895E26B00CD0013 /* AppleTV-esque_by-mikelcroft_nl-1440.png in Resources */,
				CB3DFEF11895E26B00CD0013 /* batman_surfing_on_superman.png in Resources */,
				CB3DFEF21895E26B00CD0013 /* coffee-break_.png in Resources */,
				CB3DFEF31895E26B00CD0013 /* colorful_1440x900.png in Resources */,
				CB3DFEF41895E26B00CD0013 /* Composition53.png in Resources */,
				CB3DFEF51895E26B00CD0013 /* Dragon.png in Resources */,
				CB3DFEF61895E26B00CD0013 /* eclipse.png in Resources */,
				CB3DFEF71895E26B00CD0013 /* face.png in Resources */,
				CB3DFEF81895E26B00CD0013 /* focus.png in Resources */,
				CB3DFEF91895E26B00CD0013 /* gbo.png in Resources */,
				CB3DFEFA1895E26B00CD0013 /* Green_Plant_(2560x1600).png in Resources */,
				CB3DFEFB1895E26B00CD0013 /* grounded.png in Resources */,
				CB3DFEFC1895E26B00CD0013 /* happy.png in Resources */,
				CB3DFEFD1895E26B00CD0013 /* LeatherHoles-Apple.png in Resources */,
				CB3DFEFE1895E26B00CD0013 /* Let_it_snow_by_mj_coffeeholick.png in Resources */,
				CB3DFEFF1895E26B00CD0013 /* Luxury_Apple_by_Stratification.png in Resources */,
				CB3DFF001895E26B00CD0013 /* MacMini.png in Resources */,
				CB3DFF011895E26B00CD0013 /* SlaveKingGod.png in Resources */,
				CB3DFF021895E26B00CD0013 /* Snow_Leopard_by_vladstudio.png in Resources */,
				CB3DFF031895E26B00CD0013 /* Space Fold.png in Resources */,
				CB3DFF041895E26B00CD0013 /* Stormcloud_Schmeisser.png in Resources */,
				CB3DFF051895E26B00CD0013 /* tiamat.png in Resources */,
				CB3DFF061895E26B00CD0013 /* WTF.png in Resources */,
				CB3DFF081895E26B00CD0013 /* MainWindow.xib in Resources */,
				CB3DFF091895E26B00CD0013 /* .gitignore in Resources */,
				CB3DFF0A1895E26B00CD0013 /* background.png in Resources */,
				CB3DFF0F1895E26B00CD0013 /* MainWindow.xib in Resources */,
				CB3DFF101895E26B00CD0013 /* SpringBoard-Info.plist in Resources */,
				CB3DFF111895E26B00CD0013 /* LICENSE in Resources */,
				CB3DFF121895E26B00CD0013 /* README.textile in Resources */,
				CB3DFF131895E26B00CD0013 /* AQGridSelection.png in Resources */,
				CB3DFF141895E26B00CD0013 /* AQGridSelectionGray.png in Resources */,
				CB3DFF151895E26B00CD0013 /* AQGridSelectionGrayBlue.png in Resources */,
				CB3DFF161895E26B00CD0013 /* AQGridSelectionGreen.png in Resources */,
				CB3DFF171895E26B00CD0013 /* AQGridSelectionRed.png in Resources */,
				CB3DFF181895E26B00CD0013 /* embed_png.sh in Resources */,
			);
			runOnlyForDeploymentPostprocessing = 0;
		};
/* End PBXResourcesBuildPhase section */

/* Begin PBXSourcesBuildPhase section */
		C762B697181DB7B500EB3674 /* Sources */ = {
			isa = PBXSourcesBuildPhase;
			buildActionMask = 2147483647;
			files = (
				C762B6AB181DB7B500EB3674 /* main.m in Sources */,
				C71981B2185015C800D502E3 /* GTLDrive_Sources.m in Sources */,
				C762B6AF181DB7B500EB3674 /* AppDelegate.m in Sources */,
				C7E4479218400E7F0059A65F /* MenuSubmenuView.m in Sources */,
				C75EF9F818246B3D00C9A725 /* SideBarView.m in Sources */,
				C762B6B8181DB7B500EB3674 /* NotebookViewController.m in Sources */,
				C7AF899F1850D4DC00F6A093 /* DriveManager.m in Sources */,
				C75EF9FB1826E8E600C9A725 /* PaintView.m in Sources */,
				C74921E4182DB5AA0041F997 /* PaintSubmenuView.m in Sources */,
				CB3DFED21895E26B00CD0013 /* AQGridView.m in Sources */,
				CB3DFED31895E26B00CD0013 /* AQGridViewAnimatorItem.m in Sources */,
				CB3DFED41895E26B00CD0013 /* AQGridViewCell.m in Sources */,
				CB3DFED51895E26B00CD0013 /* AQGridViewController.m in Sources */,
				CB3DFED61895E26B00CD0013 /* AQGridViewData.m in Sources */,
				CB3DFED71895E26B00CD0013 /* AQGridViewUpdateInfo.m in Sources */,
				CB3DFED81895E26B00CD0013 /* AQGridViewUpdateItem.m in Sources */,
				CB3DFED91895E26B00CD0013 /* NSIndexSet+AQIndexesOutsideSet.m in Sources */,
				CB3DFEDA1895E26B00CD0013 /* NSIndexSet+AQIsSetContiguous.m in Sources */,
				CB3DFEDB1895E26B00CD0013 /* UIColor+AQGridView.m in Sources */,
				CB3DFEDD1895E26B00CD0013 /* ExpanderDemoAppDelegate.m in Sources */,
				CB3DFEDE1895E26B00CD0013 /* ExpanderDemoViewController.m in Sources */,
				CB3DFEDF1895E26B00CD0013 /* ExpandFromGridViewCell.m in Sources */,
				CB3DFEE01895E26B00CD0013 /* ExpandingGridViewController.m in Sources */,
				CB3DFEE11895E26B00CD0013 /* ImageGridViewCell.m in Sources */,
				CB3DFEE61895E26B00CD0013 /* main.m in Sources */,
				CB3DFEE81895E26B00CD0013 /* ImageDemoAppDelegate.m in Sources */,
				CB3DFEE91895E26B00CD0013 /* ImageDemoCellChooser.m in Sources */,
				CB3DFEEA1895E26B00CD0013 /* ImageDemoFilledCell.m in Sources */,
				CB3DFEEB1895E26B00CD0013 /* ImageDemoGridViewCell.m in Sources */,
				CB3DFEEC1895E26B00CD0013 /* ImageDemoViewController.m in Sources */,
				CB3DFF071895E26B00CD0013 /* main.m in Sources */,
				CB3DFF0B1895E26B00CD0013 /* SpringBoardAppDelegate.m in Sources */,
				CB3DFF0C1895E26B00CD0013 /* SpringBoardIconCell.m in Sources */,
				CB3DFF0D1895E26B00CD0013 /* SpringBoardViewController.m in Sources */,
				CB3DFF0E1895E26B00CD0013 /* main.m in Sources */,
			);
			runOnlyForDeploymentPostprocessing = 0;
		};
/* End PBXSourcesBuildPhase section */

/* Begin PBXTargetDependency section */
		CB3DFF261895E30000CD0013 /* PBXTargetDependency */ = {
			isa = PBXTargetDependency;
			name = AQGridView;
			targetProxy = CB3DFF251895E30000CD0013 /* PBXContainerItemProxy */;
		};
/* End PBXTargetDependency section */

/* Begin PBXVariantGroup section */
		C762B6A7181DB7B500EB3674 /* InfoPlist.strings */ = {
			isa = PBXVariantGroup;
			children = (
				C762B6A8181DB7B500EB3674 /* en */,
			);
			name = InfoPlist.strings;
			sourceTree = "<group>";
		};
		C762B6B9181DB7B500EB3674 /* NotebookViewController.xib */ = {
			isa = PBXVariantGroup;
			children = (
				C762B6BA181DB7B500EB3674 /* en */,
			);
			name = NotebookViewController.xib;
			sourceTree = "<group>";
		};
		CB3DFE7B1895E26B00CD0013 /* ExpanderDemoViewController.xib */ = {
			isa = PBXVariantGroup;
			children = (
				CB3DFE7C1895E26B00CD0013 /* en */,
			);
			name = ExpanderDemoViewController.xib;
			sourceTree = "<group>";
		};
		CB3DFE7D1895E26B00CD0013 /* InfoPlist.strings */ = {
			isa = PBXVariantGroup;
			children = (
				CB3DFE7E1895E26B00CD0013 /* en */,
			);
			name = InfoPlist.strings;
			sourceTree = "<group>";
		};
		CB3DFE7F1895E26B00CD0013 /* MainWindow.xib */ = {
			isa = PBXVariantGroup;
			children = (
				CB3DFE801895E26B00CD0013 /* en */,
			);
			name = MainWindow.xib;
			sourceTree = "<group>";
		};
/* End PBXVariantGroup section */

/* Begin XCBuildConfiguration section */
		C762B6BC181DB7B500EB3674 /* Debug */ = {
			isa = XCBuildConfiguration;
			buildSettings = {
				ALWAYS_SEARCH_USER_PATHS = NO;
				CLANG_CXX_LANGUAGE_STANDARD = "gnu++0x";
				CLANG_CXX_LIBRARY = "libc++";
				CLANG_ENABLE_OBJC_ARC = YES;
				CLANG_WARN_CONSTANT_CONVERSION = YES;
				CLANG_WARN_EMPTY_BODY = YES;
				CLANG_WARN_ENUM_CONVERSION = YES;
				CLANG_WARN_INT_CONVERSION = YES;
				CLANG_WARN__DUPLICATE_METHOD_MATCH = YES;
				"CODE_SIGN_IDENTITY[sdk=iphoneos*]" = "iPhone Developer";
				COPY_PHASE_STRIP = NO;
				GCC_C_LANGUAGE_STANDARD = gnu99;
				GCC_DYNAMIC_NO_PIC = NO;
				GCC_OPTIMIZATION_LEVEL = 0;
				GCC_PREPROCESSOR_DEFINITIONS = (
					"DEBUG=1",
					"$(inherited)",
				);
				GCC_SYMBOLS_PRIVATE_EXTERN = NO;
				GCC_WARN_ABOUT_RETURN_TYPE = YES;
				GCC_WARN_UNINITIALIZED_AUTOS = YES;
				GCC_WARN_UNUSED_VARIABLE = YES;
				IPHONEOS_DEPLOYMENT_TARGET = 6.1;
				ONLY_ACTIVE_ARCH = YES;
				SDKROOT = iphoneos;
				TARGETED_DEVICE_FAMILY = 2;
			};
			name = Debug;
		};
		C762B6BD181DB7B500EB3674 /* Release */ = {
			isa = XCBuildConfiguration;
			buildSettings = {
				ALWAYS_SEARCH_USER_PATHS = NO;
				CLANG_CXX_LANGUAGE_STANDARD = "gnu++0x";
				CLANG_CXX_LIBRARY = "libc++";
				CLANG_ENABLE_OBJC_ARC = YES;
				CLANG_WARN_CONSTANT_CONVERSION = YES;
				CLANG_WARN_EMPTY_BODY = YES;
				CLANG_WARN_ENUM_CONVERSION = YES;
				CLANG_WARN_INT_CONVERSION = YES;
				CLANG_WARN__DUPLICATE_METHOD_MATCH = YES;
				"CODE_SIGN_IDENTITY[sdk=iphoneos*]" = "iPhone Developer";
				COPY_PHASE_STRIP = YES;
				GCC_C_LANGUAGE_STANDARD = gnu99;
				GCC_WARN_ABOUT_RETURN_TYPE = YES;
				GCC_WARN_UNINITIALIZED_AUTOS = YES;
				GCC_WARN_UNUSED_VARIABLE = YES;
				IPHONEOS_DEPLOYMENT_TARGET = 6.1;
				OTHER_CFLAGS = "-DNS_BLOCK_ASSERTIONS=1";
				SDKROOT = iphoneos;
				TARGETED_DEVICE_FAMILY = 2;
				VALIDATE_PRODUCT = YES;
			};
			name = Release;
		};
		C762B6BF181DB7B500EB3674 /* Debug */ = {
			isa = XCBuildConfiguration;
			buildSettings = {
				CODE_SIGN_IDENTITY = "iPhone Developer";
				"CODE_SIGN_IDENTITY[sdk=iphoneos*]" = "iPhone Developer";
				GCC_PRECOMPILE_PREFIX_HEADER = YES;
				GCC_PREFIX_HEADER = "StemNotebook/StemNotebook-Prefix.pch";
				INFOPLIST_FILE = "StemNotebook/StemNotebook-Info.plist";
				IPHONEOS_DEPLOYMENT_TARGET = 6.0;
				OTHER_LDFLAGS = (
					"-ObjC",
					"-all_load",
				);
				PRODUCT_NAME = "$(TARGET_NAME)";
				PROVISIONING_PROFILE = "";
				USER_HEADER_SEARCH_PATHS = "/Users/saraswati/Documents/CapstoneProject/google-api-objectivec-client-read-only/Source/** /Users/saraswati/Documents/CapstoneProject/HardWonKnowledge/StemNotebook/Bookshelf/AQGridView/**";
				WRAPPER_EXTENSION = app;
			};
			name = Debug;
		};
		C762B6C0181DB7B500EB3674 /* Release */ = {
			isa = XCBuildConfiguration;
			buildSettings = {
				CODE_SIGN_IDENTITY = "iPhone Developer";
				"CODE_SIGN_IDENTITY[sdk=iphoneos*]" = "iPhone Developer";
				GCC_PRECOMPILE_PREFIX_HEADER = YES;
				GCC_PREFIX_HEADER = "StemNotebook/StemNotebook-Prefix.pch";
				INFOPLIST_FILE = "StemNotebook/StemNotebook-Info.plist";
				IPHONEOS_DEPLOYMENT_TARGET = 6.0;
				OTHER_LDFLAGS = (
					"-ObjC",
					"-all_load",
				);
				PRODUCT_NAME = "$(TARGET_NAME)";
				PROVISIONING_PROFILE = "";
				USER_HEADER_SEARCH_PATHS = "/Users/saraswati/Documents/CapstoneProject/google-api-objectivec-client-read-only/Source/** /Users/saraswati/Documents/CapstoneProject/HardWonKnowledge/StemNotebook/Bookshelf/AQGridView/**";
				WRAPPER_EXTENSION = app;
			};
			name = Release;
		};
/* End XCBuildConfiguration section */

/* Begin XCConfigurationList section */
		C762B696181DB7B500EB3674 /* Build configuration list for PBXProject "StemNotebook" */ = {
			isa = XCConfigurationList;
			buildConfigurations = (
				C762B6BC181DB7B500EB3674 /* Debug */,
				C762B6BD181DB7B500EB3674 /* Release */,
			);
			defaultConfigurationIsVisible = 0;
			defaultConfigurationName = Release;
		};
		C762B6BE181DB7B500EB3674 /* Build configuration list for PBXNativeTarget "StemNotebook" */ = {
			isa = XCConfigurationList;
			buildConfigurations = (
				C762B6BF181DB7B500EB3674 /* Debug */,
				C762B6C0181DB7B500EB3674 /* Release */,
			);
			defaultConfigurationIsVisible = 0;
			defaultConfigurationName = Release;
		};
/* End XCConfigurationList section */
	};
	rootObject = C762B693181DB7B500EB3674 /* Project object */;
}
